
PODS:
- AFNetworking (1.1.0)
- AFOAuth2Client (0.1.0):
  - AFNetworking (~> 1.0)
- Base64 (1.0.0)
- ECSlidingViewController (0.9.2)
- Expecta (0.2.0)
- GroundControl (0.0.1):
  - AFNetworking (>= 0.9)
- HockeySDK (2.5.5)
- Orbiter (0.0.1):
  - AFNetworking (>= 0.9)
- SVProgressHUD (HEAD based on 0.8.1)
- SVPullToRefresh (HEAD based on 0.4)
- YRDropdownView (0.1.0)

DEPENDENCIES:
- AFNetworking (= 1.1)
- AFOAuth2Client (= 0.1)
- Base64
- ECSlidingViewController (from `https://github.com/iOctocat/ECSlidingViewController.git')
- Expecta (from `https://github.com/github/expecta.git')
- GroundControl
- HockeySDK
- Orbiter
- SVProgressHUD (HEAD)
- SVPullToRefresh (HEAD)
- YRDropdownView (from `https://github.com/iOctocat/YRDropdownView.git')

EXTERNAL SOURCES:
  ECSlidingViewController:
    :git: https://github.com/iOctocat/ECSlidingViewController.git
  Expecta:
    :git: https://github.com/github/expecta.git
  YRDropdownView:
    :git: https://github.com/iOctocat/YRDropdownView.git

SPEC CHECKSUMS:
  AFNetworking: 761a418233d280c1e0580bcb76ff9cb4c3073d17
  AFOAuth2Client: 2d1a21039fcc086254b0564428677fbbee0a4972
  Base64: 285e4864ccacb72cb921c09fd7a19af3b47f450d
  ECSlidingViewController: f95954f73f256db09ac87d2837a7a286bd25dbf0
  Expecta: 3ddfc757aeb1e351e12c6f1e21ab631f77178f13
  GroundControl: 26e550c2f39f7705aab4dee690435bffa2267a82
  HockeySDK: e59ba4e0060d13a9acfb5da8f9381298fbc53e0b
  Orbiter: b083e5567d9b90e1da1ccda4b3c410df26d5da8d
  SVProgressHUD: 592da548680cd3613923b5f98113add52ad30cc2
  SVPullToRefresh: 479bcbbf42c83366f49aab231ed6e94dad928fef
  YRDropdownView: 66f0f2d5e69d2024e45626efe1b3dae79e97fbb9

COCOAPODS: 0.16.0
