
PODS:
- AFNetworking (1.0)
- Base64 (1.0.0)
- ECSlidingViewController (0.9.2)
- HockeySDK (2.5.5)
- SVPullToRefresh (0.4)
- YRDropdownView (0.1.0)

DEPENDENCIES:
- AFNetworking (= 1.0)
- Base64
- ECSlidingViewController (from `https://github.com/iOctocat/ECSlidingViewController.git')
- HockeySDK
- SVPullToRefresh
- YRDropdownView (from `https://github.com/iOctocat/YRDropdownView.git')

EXTERNAL SOURCES:
  ECSlidingViewController:
    :git: https://github.com/iOctocat/ECSlidingViewController.git
  YRDropdownView:
    :git: https://github.com/iOctocat/YRDropdownView.git

SPEC CHECKSUMS:
  AFNetworking: 758a1cb1ab5a0d22795ba1c44abb9cad395bc126
  Base64: 285e4864ccacb72cb921c09fd7a19af3b47f450d
  ECSlidingViewController: f95954f73f256db09ac87d2837a7a286bd25dbf0
  HockeySDK: d8d59e37d7c37aa4d6d4b73eb42c0c2a60931d43
  SVPullToRefresh: 479bcbbf42c83366f49aab231ed6e94dad928fef
  YRDropdownView: 66f0f2d5e69d2024e45626efe1b3dae79e97fbb9

COCOAPODS: 0.16.0
