PODS:
  - AFNetworking (1.2.0)
  - AFOAuth2Client (0.1.0):
    - AFNetworking (~> 1.0)
  - Base64 (1.0.1)
  - ECSlidingViewController (0.9.3)
  - Expecta (0.2.1)
  - HockeySDK (3.0.0)
  - NSStringEmojize (0.1.0)
  - SVProgressHUD (0.9)
  - SVPullToRefresh (0.4.1)
  - TPKeyboardAvoiding (0.0.1)
  - TTTAttributedLabel (1.6.3)
  - YRDropdownView (0.2.1)

DEPENDENCIES:
  - AFNetworking (= 1.2)
  - AFOAuth2Client (= 0.1)
  - Base64
  - ECSlidingViewController (from `https://github.com/iOctocat/ECSlidingViewController.git`)
  - Expecta (~> 0.2.1)
  - HockeySDK
  - NSStringEmojize (from `https://github.com/iOctocat/NSStringEmojize.git`)
  - SVProgressHUD (= 0.9.0)
  - SVPullToRefresh (= 0.4.1)
  - TPKeyboardAvoiding
  - TTTAttributedLabel
  - YRDropdownView (from `https://github.com/iOctocat/YRDropdownView.git`)

EXTERNAL SOURCES:
  ECSlidingViewController:
    :git: https://github.com/iOctocat/ECSlidingViewController.git
  NSStringEmojize:
    :git: https://github.com/iOctocat/NSStringEmojize.git
  YRDropdownView:
    :git: https://github.com/iOctocat/YRDropdownView.git

SPEC CHECKSUMS:
  AFNetworking: 3cbae45f61a9f995cdbd56bd571223910d7f4e44
  AFOAuth2Client: 2d1a21039fcc086254b0564428677fbbee0a4972
  Base64: eaac9f2088ba659c5db1db960576eb0f2969ebaf
  ECSlidingViewController: fc6f2d9fa30bdc8dc2cc8a7c810e23cd2f3ad70b
  Expecta: d46fb1bd78c90a83da0158b9b1e108de106e369f
  HockeySDK: ffb5d1bc7b6fef6a2ffd7a614504665c377607e8
  NSStringEmojize: 9753414a9d39b1c7e60dc017b022520212b58bee
  SVProgressHUD: 03d4845ec8e64591726428a08236c6a5489d45f8
  SVPullToRefresh: 61a0e4bd12bd6f8e3465909810b0fbeb1a28d5f2
  TPKeyboardAvoiding: 7289409b17dc2193a3f324672283c542f17c1bb1
  TTTAttributedLabel: 2aa510a0f8d34993b04ed4e6cf0839de52462004
  YRDropdownView: 2a824eee75b10dd70fe21f9693c46a8309f9cc6e

COCOAPODS: 0.19.1
