// !$*UTF8*$!
{
	archiveVersion = 1;
	classes = {
	};
	objectVersion = 45;
	objects = {

/* Begin PBXBuildFile section */
		1D3623260D0F684500981E51 /* iOctocatAppDelegate.m in Sources */ = {isa = PBXBuildFile; fileRef = 1D3623250D0F684500981E51 /* iOctocatAppDelegate.m */; };
		1D60589B0D05DD56006BFB54 /* main.m in Sources */ = {isa = PBXBuildFile; fileRef = 29B97316FDCFA39411CA2CEA /* main.m */; };
		1D60589F0D05DD5A006BFB54 /* Foundation.framework in Frameworks */ = {isa = PBXBuildFile; fileRef = 1D30AB110D05D00D00671497 /* Foundation.framework */; };
		1DF5F4E00D08C38300B7A737 /* UIKit.framework in Frameworks */ = {isa = PBXBuildFile; fileRef = 1DF5F4DF0D08C38300B7A737 /* UIKit.framework */; };
		2892E4100DC94CBA00A64D0F /* CoreGraphics.framework in Frameworks */ = {isa = PBXBuildFile; fileRef = 2892E40F0DC94CBA00A64D0F /* CoreGraphics.framework */; };
		28C286E10D94DF7D0034E888 /* RootViewController.m in Sources */ = {isa = PBXBuildFile; fileRef = 28C286E00D94DF7D0034E888 /* RootViewController.m */; };
		6F1DC3510F7E4E6A00FCD26D /* iTunesArtWork.png in Resources */ = {isa = PBXBuildFile; fileRef = 6F1DC3500F7E4E6A00FCD26D /* iTunesArtWork.png */; };
		6F1DC36F0F7E4F5200FCD26D /* SystemConfiguration.framework in Frameworks */ = {isa = PBXBuildFile; fileRef = 6F1DC36E0F7E4F5200FCD26D /* SystemConfiguration.framework */; };
		6F1DC39B0F7E52F000FCD26D /* Settings.bundle in Resources */ = {isa = PBXBuildFile; fileRef = 6F1DC39A0F7E52F000FCD26D /* Settings.bundle */; };
		6F1DC4460F7E5A8A00FCD26D /* GHFeed.m in Sources */ = {isa = PBXBuildFile; fileRef = 6F1DC4450F7E5A8A00FCD26D /* GHFeed.m */; };
		6F1DC4490F7E5AA000FCD26D /* GHFeedEntry.m in Sources */ = {isa = PBXBuildFile; fileRef = 6F1DC4480F7E5AA000FCD26D /* GHFeedEntry.m */; };
		6FB7FEA40F7E2C4D00E8D702 /* Icon.png in Resources */ = {isa = PBXBuildFile; fileRef = 6FB7FEA20F7E2C4D00E8D702 /* Icon.png */; };
		6FB7FEAB0F7E2C8700E8D702 /* MainWindow.xib in Resources */ = {isa = PBXBuildFile; fileRef = 6FB7FEA90F7E2C8700E8D702 /* MainWindow.xib */; };
		6FB7FEAC0F7E2C8700E8D702 /* RootViewController.xib in Resources */ = {isa = PBXBuildFile; fileRef = 6FB7FEAA0F7E2C8700E8D702 /* RootViewController.xib */; };
		6FB7FEEC0F7E31AC00E8D702 /* Default.png in Resources */ = {isa = PBXBuildFile; fileRef = 6FB7FEEA0F7E31AC00E8D702 /* Default.png */; };
		6FB7FEED0F7E31AC00E8D702 /* NoConnection.png in Resources */ = {isa = PBXBuildFile; fileRef = 6FB7FEEB0F7E31AC00E8D702 /* NoConnection.png */; };
/* End PBXBuildFile section */

/* Begin PBXFileReference section */
		1D30AB110D05D00D00671497 /* Foundation.framework */ = {isa = PBXFileReference; lastKnownFileType = wrapper.framework; name = Foundation.framework; path = System/Library/Frameworks/Foundation.framework; sourceTree = SDKROOT; };
		1D3623240D0F684500981E51 /* iOctocatAppDelegate.h */ = {isa = PBXFileReference; fileEncoding = 4; lastKnownFileType = sourcecode.c.h; path = iOctocatAppDelegate.h; sourceTree = "<group>"; };
		1D3623250D0F684500981E51 /* iOctocatAppDelegate.m */ = {isa = PBXFileReference; fileEncoding = 4; lastKnownFileType = sourcecode.c.objc; path = iOctocatAppDelegate.m; sourceTree = "<group>"; };
		1D6058910D05DD3D006BFB54 /* iOctocat.app */ = {isa = PBXFileReference; explicitFileType = wrapper.application; includeInIndex = 0; path = iOctocat.app; sourceTree = BUILT_PRODUCTS_DIR; };
		1DF5F4DF0D08C38300B7A737 /* UIKit.framework */ = {isa = PBXFileReference; lastKnownFileType = wrapper.framework; name = UIKit.framework; path = System/Library/Frameworks/UIKit.framework; sourceTree = SDKROOT; };
		2892E40F0DC94CBA00A64D0F /* CoreGraphics.framework */ = {isa = PBXFileReference; lastKnownFileType = wrapper.framework; name = CoreGraphics.framework; path = System/Library/Frameworks/CoreGraphics.framework; sourceTree = SDKROOT; };
		28A0AAE50D9B0CCF005BE974 /* iOctocat_Prefix.pch */ = {isa = PBXFileReference; fileEncoding = 4; lastKnownFileType = sourcecode.c.h; path = iOctocat_Prefix.pch; sourceTree = "<group>"; };
		28C286DF0D94DF7D0034E888 /* RootViewController.h */ = {isa = PBXFileReference; fileEncoding = 4; lastKnownFileType = sourcecode.c.h; path = RootViewController.h; sourceTree = "<group>"; };
		28C286E00D94DF7D0034E888 /* RootViewController.m */ = {isa = PBXFileReference; fileEncoding = 4; lastKnownFileType = sourcecode.c.objc; path = RootViewController.m; sourceTree = "<group>"; };
		29B97316FDCFA39411CA2CEA /* main.m */ = {isa = PBXFileReference; fileEncoding = 4; lastKnownFileType = sourcecode.c.objc; path = main.m; sourceTree = "<group>"; };
		6F1DC3500F7E4E6A00FCD26D /* iTunesArtWork.png */ = {isa = PBXFileReference; lastKnownFileType = image.png; name = iTunesArtWork.png; path = Images/iTunesArtWork.png; sourceTree = "<group>"; };
		6F1DC36E0F7E4F5200FCD26D /* SystemConfiguration.framework */ = {isa = PBXFileReference; lastKnownFileType = wrapper.framework; name = SystemConfiguration.framework; path = System/Library/Frameworks/SystemConfiguration.framework; sourceTree = SDKROOT; };
		6F1DC39A0F7E52F000FCD26D /* Settings.bundle */ = {isa = PBXFileReference; lastKnownFileType = "wrapper.plug-in"; path = Settings.bundle; sourceTree = "<group>"; };
		6F1DC3FC0F7E569F00FCD26D /* AppConstants.h */ = {isa = PBXFileReference; fileEncoding = 4; lastKnownFileType = sourcecode.c.h; path = AppConstants.h; sourceTree = "<group>"; };
		6F1DC4440F7E5A8A00FCD26D /* GHFeed.h */ = {isa = PBXFileReference; fileEncoding = 4; lastKnownFileType = sourcecode.c.h; path = GHFeed.h; sourceTree = "<group>"; };
		6F1DC4450F7E5A8A00FCD26D /* GHFeed.m */ = {isa = PBXFileReference; fileEncoding = 4; lastKnownFileType = sourcecode.c.objc; path = GHFeed.m; sourceTree = "<group>"; };
		6F1DC4470F7E5AA000FCD26D /* GHFeedEntry.h */ = {isa = PBXFileReference; fileEncoding = 4; lastKnownFileType = sourcecode.c.h; path = GHFeedEntry.h; sourceTree = "<group>"; };
		6F1DC4480F7E5AA000FCD26D /* GHFeedEntry.m */ = {isa = PBXFileReference; fileEncoding = 4; lastKnownFileType = sourcecode.c.objc; path = GHFeedEntry.m; sourceTree = "<group>"; };
		6FB7FEA20F7E2C4D00E8D702 /* Icon.png */ = {isa = PBXFileReference; lastKnownFileType = image.png; name = Icon.png; path = Images/Icon.png; sourceTree = "<group>"; };
		6FB7FEA90F7E2C8700E8D702 /* MainWindow.xib */ = {isa = PBXFileReference; lastKnownFileType = file.xib; name = MainWindow.xib; path = IBFiles/MainWindow.xib; sourceTree = "<group>"; };
		6FB7FEAA0F7E2C8700E8D702 /* RootViewController.xib */ = {isa = PBXFileReference; lastKnownFileType = file.xib; name = RootViewController.xib; path = IBFiles/RootViewController.xib; sourceTree = "<group>"; };
		6FB7FEEA0F7E31AC00E8D702 /* Default.png */ = {isa = PBXFileReference; lastKnownFileType = image.png; name = Default.png; path = Images/Default.png; sourceTree = "<group>"; };
		6FB7FEEB0F7E31AC00E8D702 /* NoConnection.png */ = {isa = PBXFileReference; lastKnownFileType = image.png; name = NoConnection.png; path = Images/NoConnection.png; sourceTree = "<group>"; };
		8D1107310486CEB800E47090 /* Info.plist */ = {isa = PBXFileReference; fileEncoding = 4; lastKnownFileType = text.plist.xml; path = Info.plist; sourceTree = "<group>"; };
/* End PBXFileReference section */

/* Begin PBXFrameworksBuildPhase section */
		1D60588F0D05DD3D006BFB54 /* Frameworks */ = {
			isa = PBXFrameworksBuildPhase;
			buildActionMask = 2147483647;
			files = (
				1D60589F0D05DD5A006BFB54 /* Foundation.framework in Frameworks */,
				1DF5F4E00D08C38300B7A737 /* UIKit.framework in Frameworks */,
				2892E4100DC94CBA00A64D0F /* CoreGraphics.framework in Frameworks */,
				6F1DC36F0F7E4F5200FCD26D /* SystemConfiguration.framework in Frameworks */,
			);
			runOnlyForDeploymentPostprocessing = 0;
		};
/* End PBXFrameworksBuildPhase section */

/* Begin PBXGroup section */
		080E96DDFE201D6D7F000001 /* Classes */ = {
			isa = PBXGroup;
			children = (
				6F1DC4410F7E5A7E00FCD26D /* Domain */,
				6F1DC4A30F7E5D2200FCD26D /* Controller */,
				6F1DC3FC0F7E569F00FCD26D /* AppConstants.h */,
			);
			path = Classes;
			sourceTree = "<group>";
		};
		19C28FACFE9D520D11CA2CBB /* Products */ = {
			isa = PBXGroup;
			children = (
				1D6058910D05DD3D006BFB54 /* iOctocat.app */,
			);
			name = Products;
			sourceTree = "<group>";
		};
		29B97314FDCFA39411CA2CEA /* CustomTemplate */ = {
			isa = PBXGroup;
			children = (
				080E96DDFE201D6D7F000001 /* Classes */,
				29B97315FDCFA39411CA2CEA /* Other Sources */,
				29B97317FDCFA39411CA2CEA /* Resources */,
				29B97323FDCFA39411CA2CEA /* Frameworks */,
				19C28FACFE9D520D11CA2CBB /* Products */,
				6F1DC39A0F7E52F000FCD26D /* Settings.bundle */,
			);
			comments = "Open Source iPhone app for the awesome GitHub.com";
			name = CustomTemplate;
			sourceTree = "<group>";
		};
		29B97315FDCFA39411CA2CEA /* Other Sources */ = {
			isa = PBXGroup;
			children = (
				28A0AAE50D9B0CCF005BE974 /* iOctocat_Prefix.pch */,
				29B97316FDCFA39411CA2CEA /* main.m */,
			);
			name = "Other Sources";
			sourceTree = "<group>";
		};
		29B97317FDCFA39411CA2CEA /* Resources */ = {
			isa = PBXGroup;
			children = (
				6FB7FEA60F7E2C7500E8D702 /* IBFiles */,
				6FB7FE9F0F7E2C3800E8D702 /* Images */,
				8D1107310486CEB800E47090 /* Info.plist */,
			);
			name = Resources;
			sourceTree = "<group>";
		};
		29B97323FDCFA39411CA2CEA /* Frameworks */ = {
			isa = PBXGroup;
			children = (
				6F1DC36E0F7E4F5200FCD26D /* SystemConfiguration.framework */,
				1DF5F4DF0D08C38300B7A737 /* UIKit.framework */,
				1D30AB110D05D00D00671497 /* Foundation.framework */,
				2892E40F0DC94CBA00A64D0F /* CoreGraphics.framework */,
			);
			name = Frameworks;
			sourceTree = "<group>";
		};
		6F1DC4410F7E5A7E00FCD26D /* Domain */ = {
			isa = PBXGroup;
			children = (
				6F1DC4440F7E5A8A00FCD26D /* GHFeed.h */,
				6F1DC4450F7E5A8A00FCD26D /* GHFeed.m */,
				6F1DC4470F7E5AA000FCD26D /* GHFeedEntry.h */,
				6F1DC4480F7E5AA000FCD26D /* GHFeedEntry.m */,
			);
			name = Domain;
			sourceTree = "<group>";
		};
		6F1DC4A30F7E5D2200FCD26D /* Controller */ = {
			isa = PBXGroup;
			children = (
				1D3623240D0F684500981E51 /* iOctocatAppDelegate.h */,
				1D3623250D0F684500981E51 /* iOctocatAppDelegate.m */,
				28C286DF0D94DF7D0034E888 /* RootViewController.h */,
				28C286E00D94DF7D0034E888 /* RootViewController.m */,
			);
			name = Controller;
			sourceTree = "<group>";
		};
		6FB7FE9F0F7E2C3800E8D702 /* Images */ = {
			isa = PBXGroup;
			children = (
				6FB7FEA20F7E2C4D00E8D702 /* Icon.png */,
				6FB7FEEA0F7E31AC00E8D702 /* Default.png */,
				6FB7FEEB0F7E31AC00E8D702 /* NoConnection.png */,
				6F1DC3500F7E4E6A00FCD26D /* iTunesArtWork.png */,
			);
			name = Images;
			sourceTree = "<group>";
		};
		6FB7FEA60F7E2C7500E8D702 /* IBFiles */ = {
			isa = PBXGroup;
			children = (
				6FB7FEA90F7E2C8700E8D702 /* MainWindow.xib */,
				6FB7FEAA0F7E2C8700E8D702 /* RootViewController.xib */,
			);
			name = IBFiles;
			sourceTree = "<group>";
		};
/* End PBXGroup section */

/* Begin PBXNativeTarget section */
		1D6058900D05DD3D006BFB54 /* iOctocat */ = {
			isa = PBXNativeTarget;
			buildConfigurationList = 1D6058960D05DD3E006BFB54 /* Build configuration list for PBXNativeTarget "iOctocat" */;
			buildPhases = (
				1D60588D0D05DD3D006BFB54 /* Resources */,
				1D60588E0D05DD3D006BFB54 /* Sources */,
				1D60588F0D05DD3D006BFB54 /* Frameworks */,
			);
			buildRules = (
			);
			dependencies = (
			);
			name = iOctocat;
			productName = iOctocat;
			productReference = 1D6058910D05DD3D006BFB54 /* iOctocat.app */;
			productType = "com.apple.product-type.application";
		};
/* End PBXNativeTarget section */

/* Begin PBXProject section */
		29B97313FDCFA39411CA2CEA /* Project object */ = {
			isa = PBXProject;
			buildConfigurationList = C01FCF4E08A954540054247B /* Build configuration list for PBXProject "iOctocat" */;
			compatibilityVersion = "Xcode 3.1";
			hasScannedForEncodings = 1;
			knownRegions = (
				English,
				Japanese,
				French,
				German,
				en,
			);
			mainGroup = 29B97314FDCFA39411CA2CEA /* CustomTemplate */;
			projectDirPath = "";
			projectRoot = "";
			targets = (
				1D6058900D05DD3D006BFB54 /* iOctocat */,
			);
		};
/* End PBXProject section */

/* Begin PBXResourcesBuildPhase section */
		1D60588D0D05DD3D006BFB54 /* Resources */ = {
			isa = PBXResourcesBuildPhase;
			buildActionMask = 2147483647;
			files = (
				6FB7FEA40F7E2C4D00E8D702 /* Icon.png in Resources */,
				6FB7FEAB0F7E2C8700E8D702 /* MainWindow.xib in Resources */,
				6FB7FEAC0F7E2C8700E8D702 /* RootViewController.xib in Resources */,
				6FB7FEEC0F7E31AC00E8D702 /* Default.png in Resources */,
				6FB7FEED0F7E31AC00E8D702 /* NoConnection.png in Resources */,
				6F1DC3510F7E4E6A00FCD26D /* iTunesArtWork.png in Resources */,
				6F1DC39B0F7E52F000FCD26D /* Settings.bundle in Resources */,
			);
			runOnlyForDeploymentPostprocessing = 0;
		};
/* End PBXResourcesBuildPhase section */

/* Begin PBXSourcesBuildPhase section */
		1D60588E0D05DD3D006BFB54 /* Sources */ = {
			isa = PBXSourcesBuildPhase;
			buildActionMask = 2147483647;
			files = (
				1D60589B0D05DD56006BFB54 /* main.m in Sources */,
				1D3623260D0F684500981E51 /* iOctocatAppDelegate.m in Sources */,
				28C286E10D94DF7D0034E888 /* RootViewController.m in Sources */,
				6F1DC4460F7E5A8A00FCD26D /* GHFeed.m in Sources */,
				6F1DC4490F7E5AA000FCD26D /* GHFeedEntry.m in Sources */,
			);
			runOnlyForDeploymentPostprocessing = 0;
		};
/* End PBXSourcesBuildPhase section */

/* Begin XCBuildConfiguration section */
		1D6058940D05DD3E006BFB54 /* Debug */ = {
			isa = XCBuildConfiguration;
			buildSettings = {
				ALWAYS_SEARCH_USER_PATHS = NO;
				COPY_PHASE_STRIP = NO;
				GCC_DYNAMIC_NO_PIC = NO;
				GCC_OPTIMIZATION_LEVEL = 0;
				GCC_PRECOMPILE_PREFIX_HEADER = YES;
				GCC_PREFIX_HEADER = iOctocat_Prefix.pch;
				INFOPLIST_FILE = Info.plist;
				PRODUCT_NAME = iOctocat;
			};
			name = Debug;
		};
		1D6058950D05DD3E006BFB54 /* Release */ = {
			isa = XCBuildConfiguration;
			buildSettings = {
				ALWAYS_SEARCH_USER_PATHS = NO;
				COPY_PHASE_STRIP = YES;
				GCC_PRECOMPILE_PREFIX_HEADER = YES;
				GCC_PREFIX_HEADER = iOctocat_Prefix.pch;
				INFOPLIST_FILE = Info.plist;
				PRODUCT_NAME = iOctocat;
			};
			name = Release;
		};
		6FB7FECD0F7E2D1A00E8D702 /* Distribution */ = {
			isa = XCBuildConfiguration;
			buildSettings = {
				ARCHS = "$(ARCHS_STANDARD_32_BIT)";
				"CODE_SIGN_IDENTITY[sdk=iphoneos*]" = "iPhone Developer";
				GCC_C_LANGUAGE_STANDARD = c99;
				GCC_WARN_ABOUT_RETURN_TYPE = YES;
				GCC_WARN_UNUSED_VARIABLE = YES;
				PREBINDING = NO;
				PRODUCT_NAME = iOctocat;
				SDKROOT = iphoneos2.2.1;
			};
			name = Distribution;
		};
		6FB7FECE0F7E2D1A00E8D702 /* Distribution */ = {
			isa = XCBuildConfiguration;
			buildSettings = {
				ALWAYS_SEARCH_USER_PATHS = NO;
				COPY_PHASE_STRIP = YES;
				GCC_PRECOMPILE_PREFIX_HEADER = YES;
				GCC_PREFIX_HEADER = iOctocat_Prefix.pch;
				INFOPLIST_FILE = Info.plist;
				PRODUCT_NAME = iOctocat;
			};
			name = Distribution;
		};
		C01FCF4F08A954540054247B /* Debug */ = {
			isa = XCBuildConfiguration;
			buildSettings = {
				ARCHS = "$(ARCHS_STANDARD_32_BIT)";
				CODE_SIGN_ENTITLEMENTS = "";
				"CODE_SIGN_IDENTITY[sdk=iphoneos*]" = "iPhone Developer";
				GCC_C_LANGUAGE_STANDARD = c99;
				GCC_WARN_ABOUT_RETURN_TYPE = YES;
				GCC_WARN_UNUSED_VARIABLE = YES;
				ONLY_ACTIVE_ARCH = YES;
				OTHER_CFLAGS = "-DDEBUG=1";
				PREBINDING = NO;
				PRODUCT_NAME = iOctocat;
				SDKROOT = iphoneos2.2.1;
			};
			name = Debug;
		};
		C01FCF5008A954540054247B /* Release */ = {
			isa = XCBuildConfiguration;
			buildSettings = {
				ARCHS = "$(ARCHS_STANDARD_32_BIT)";
				"CODE_SIGN_IDENTITY[sdk=iphoneos*]" = "iPhone Developer";
				GCC_C_LANGUAGE_STANDARD = c99;
				GCC_WARN_ABOUT_RETURN_TYPE = YES;
				GCC_WARN_UNUSED_VARIABLE = YES;
				PREBINDING = NO;
				PRODUCT_NAME = iOctocat;
				SDKROOT = iphoneos2.2.1;
			};
			name = Release;
		};
/* End XCBuildConfiguration section */

/* Begin XCConfigurationList section */
		1D6058960D05DD3E006BFB54 /* Build configuration list for PBXNativeTarget "iOctocat" */ = {
			isa = XCConfigurationList;
			buildConfigurations = (
				1D6058940D05DD3E006BFB54 /* Debug */,
				1D6058950D05DD3E006BFB54 /* Release */,
				6FB7FECE0F7E2D1A00E8D702 /* Distribution */,
			);
			defaultConfigurationIsVisible = 0;
			defaultConfigurationName = Release;
		};
		C01FCF4E08A954540054247B /* Build configuration list for PBXProject "iOctocat" */ = {
			isa = XCConfigurationList;
			buildConfigurations = (
				C01FCF4F08A954540054247B /* Debug */,
				C01FCF5008A954540054247B /* Release */,
				6FB7FECD0F7E2D1A00E8D702 /* Distribution */,
			);
			defaultConfigurationIsVisible = 0;
			defaultConfigurationName = Release;
		};
/* End XCConfigurationList section */
	};
	rootObject = 29B97313FDCFA39411CA2CEA /* Project object */;
}
