// !$*UTF8*$!
{
	archiveVersion = 1;
	classes = {
	};
	objectVersion = 45;
	objects = {

/* Begin PBXBuildFile section */
		1D3623260D0F684500981E51 /* iOctocatAppDelegate.m in Sources */ = {isa = PBXBuildFile; fileRef = 1D3623250D0F684500981E51 /* iOctocatAppDelegate.m */; };
		1D60589B0D05DD56006BFB54 /* main.m in Sources */ = {isa = PBXBuildFile; fileRef = 29B97316FDCFA39411CA2CEA /* main.m */; };
		1D60589F0D05DD5A006BFB54 /* Foundation.framework in Frameworks */ = {isa = PBXBuildFile; fileRef = 1D30AB110D05D00D00671497 /* Foundation.framework */; };
		1DF5F4E00D08C38300B7A737 /* UIKit.framework in Frameworks */ = {isa = PBXBuildFile; fileRef = 1DF5F4DF0D08C38300B7A737 /* UIKit.framework */; };
		2892E4100DC94CBA00A64D0F /* CoreGraphics.framework in Frameworks */ = {isa = PBXBuildFile; fileRef = 2892E40F0DC94CBA00A64D0F /* CoreGraphics.framework */; };
		6F14B64A0FA5F37500F74B4C /* GHResource.m in Sources */ = {isa = PBXBuildFile; fileRef = 6F14B6490FA5F37500F74B4C /* GHResource.m */; };
		6F1BCBE20FAC586800D66E02 /* upvote.png in Resources */ = {isa = PBXBuildFile; fileRef = 6F1BCBE00FAC586800D66E02 /* upvote.png */; };
		6F1BCBE40FAC587600D66E02 /* Icon.png in Resources */ = {isa = PBXBuildFile; fileRef = 6F1BCBE30FAC587600D66E02 /* Icon.png */; };
		6F1BCBE60FAC588800D66E02 /* Default.png in Resources */ = {isa = PBXBuildFile; fileRef = 6F1BCBE50FAC588800D66E02 /* Default.png */; };
		6F1BCC310FAC5C2C00D66E02 /* IssueDetailsHeadBackground.png in Resources */ = {isa = PBXBuildFile; fileRef = 6F1BCC300FAC5C2C00D66E02 /* IssueDetailsHeadBackground.png */; };
		6F1DC39B0F7E52F000FCD26D /* Settings.bundle in Resources */ = {isa = PBXBuildFile; fileRef = 6F1DC39A0F7E52F000FCD26D /* Settings.bundle */; };
		6F1DC4460F7E5A8A00FCD26D /* GHFeed.m in Sources */ = {isa = PBXBuildFile; fileRef = 6F1DC4450F7E5A8A00FCD26D /* GHFeed.m */; };
		6F1DC4490F7E5AA000FCD26D /* GHFeedEntry.m in Sources */ = {isa = PBXBuildFile; fileRef = 6F1DC4480F7E5AA000FCD26D /* GHFeedEntry.m */; };
		6F1DC5C50F7E7F4600FCD26D /* comment.png in Resources */ = {isa = PBXBuildFile; fileRef = 6F1DC5BE0F7E7F4600FCD26D /* comment.png */; };
		6F1DC5C60F7E7F4600FCD26D /* create.png in Resources */ = {isa = PBXBuildFile; fileRef = 6F1DC5BF0F7E7F4600FCD26D /* create.png */; };
		6F1DC5C70F7E7F4600FCD26D /* fork.png in Resources */ = {isa = PBXBuildFile; fileRef = 6F1DC5C00F7E7F4600FCD26D /* fork.png */; };
		6F1DC5C80F7E7F4600FCD26D /* merge.png in Resources */ = {isa = PBXBuildFile; fileRef = 6F1DC5C10F7E7F4600FCD26D /* merge.png */; };
		6F1DC5C90F7E7F4600FCD26D /* push.png in Resources */ = {isa = PBXBuildFile; fileRef = 6F1DC5C20F7E7F4600FCD26D /* push.png */; };
		6F1DC5CB0F7E7F4600FCD26D /* wiki.png in Resources */ = {isa = PBXBuildFile; fileRef = 6F1DC5C40F7E7F4600FCD26D /* wiki.png */; };
		6F1DC6440F7E8BDA00FCD26D /* watch.png in Resources */ = {isa = PBXBuildFile; fileRef = 6F1DC6430F7E8BDA00FCD26D /* watch.png */; };
		6F1DC65A0F7E8D6900FCD26D /* WebView.xib in Resources */ = {isa = PBXBuildFile; fileRef = 6F1DC6590F7E8D6900FCD26D /* WebView.xib */; };
		6F1DC6740F7E8E1900FCD26D /* WebController.m in Sources */ = {isa = PBXBuildFile; fileRef = 6F1DC6730F7E8E1900FCD26D /* WebController.m */; };
		6F2D9A890FB1887300FFABE9 /* SearchController.m in Sources */ = {isa = PBXBuildFile; fileRef = 6F2D9A880FB1887300FFABE9 /* SearchController.m */; };
		6F2D9B510FB19AF800FFABE9 /* OverlayController.m in Sources */ = {isa = PBXBuildFile; fileRef = 6F2D9B500FB19AF800FFABE9 /* OverlayController.m */; };
		6F358BFB0FB1EA6F004D2828 /* DefaultGravatar.png in Resources */ = {isa = PBXBuildFile; fileRef = 6F358BF90FB1EA6F004D2828 /* DefaultGravatar.png */; };
		6F358BFC0FB1EA6F004D2828 /* TabBarNetwork.png in Resources */ = {isa = PBXBuildFile; fileRef = 6F358BFA0FB1EA6F004D2828 /* TabBarNetwork.png */; };
		6F358C090FB1EAE0004D2828 /* Overlay.xib in Resources */ = {isa = PBXBuildFile; fileRef = 6F358C050FB1EAE0004D2828 /* Overlay.xib */; };
		6F358C0A0FB1EAE0004D2828 /* Search.xib in Resources */ = {isa = PBXBuildFile; fileRef = 6F358C060FB1EAE0004D2828 /* Search.xib */; };
		6F358C5C0FB1EEC4004D2828 /* GHSearch.m in Sources */ = {isa = PBXBuildFile; fileRef = 6F358C5B0FB1EEC4004D2828 /* GHSearch.m */; };
		6F35BD390F88B01900E978CD /* GHUser.m in Sources */ = {isa = PBXBuildFile; fileRef = 6F35BD380F88B01900E978CD /* GHUser.m */; };
		6F35BD540F88B06200E978CD /* GHRepository.m in Sources */ = {isa = PBXBuildFile; fileRef = 6F35BD530F88B06200E978CD /* GHRepository.m */; };
		6F5254400FC544DA00005B0B /* GHResourceTestCase.m in Sources */ = {isa = PBXBuildFile; fileRef = 6F52543F0FC544DA00005B0B /* GHResourceTestCase.m */; };
		6F5254560FC5462700005B0B /* GHResource.m in Sources */ = {isa = PBXBuildFile; fileRef = 6F14B6490FA5F37500F74B4C /* GHResource.m */; };
		6F52545D0FC546EA00005B0B /* ASIFormDataRequest.m in Sources */ = {isa = PBXBuildFile; fileRef = 8CFBCFA50FAB8A3100A2C37A /* ASIFormDataRequest.m */; };
		6F52545F0FC546F400005B0B /* ASIHTTPRequest.m in Sources */ = {isa = PBXBuildFile; fileRef = 8CFBCFA80FAB8A3100A2C37A /* ASIHTTPRequest.m */; };
		6F5254610FC5470E00005B0B /* ASINetworkQueue.m in Sources */ = {isa = PBXBuildFile; fileRef = 8CFBCFA60FAB8A3100A2C37A /* ASINetworkQueue.m */; };
		6F5254620FC5470E00005B0B /* NSHTTPCookieAdditions.m in Sources */ = {isa = PBXBuildFile; fileRef = 8CFBCFA90FAB8A3100A2C37A /* NSHTTPCookieAdditions.m */; };
		6F52546B0FC5481F00005B0B /* GravatarLoader.m in Sources */ = {isa = PBXBuildFile; fileRef = 6FCAF1650F895756005E1173 /* GravatarLoader.m */; };
		6F52546C0FC5481F00005B0B /* GHUsersParserDelegate.m in Sources */ = {isa = PBXBuildFile; fileRef = 6FF6EB2A0FA61110000679FA /* GHUsersParserDelegate.m */; };
		6F52546D0FC5482000005B0B /* GHUsers.m in Sources */ = {isa = PBXBuildFile; fileRef = 6F879AE70FB61C7A00EBD9BD /* GHUsers.m */; };
		6F52546E0FC5482000005B0B /* GHUser.m in Sources */ = {isa = PBXBuildFile; fileRef = 6F35BD380F88B01900E978CD /* GHUser.m */; };
		6F52546F0FC5482100005B0B /* GHSearch.m in Sources */ = {isa = PBXBuildFile; fileRef = 6F358C5B0FB1EEC4004D2828 /* GHSearch.m */; };
		6F5254700FC5482100005B0B /* GHResourcesParserDelegate.m in Sources */ = {isa = PBXBuildFile; fileRef = 6FED81B60FAC97A100BE5C81 /* GHResourcesParserDelegate.m */; };
		6F5254710FC5482300005B0B /* GHReposParserDelegate.m in Sources */ = {isa = PBXBuildFile; fileRef = 6FC647280F9B165E00FE39F6 /* GHReposParserDelegate.m */; };
		6F5254720FC5482300005B0B /* GHRepository.m in Sources */ = {isa = PBXBuildFile; fileRef = 6F35BD530F88B06200E978CD /* GHRepository.m */; };
		6F5254730FC5482400005B0B /* GHNetworksParserDelegate.m in Sources */ = {isa = PBXBuildFile; fileRef = 8CE686780FB8C57500A3D625 /* GHNetworksParserDelegate.m */; };
		6F5254740FC5482500005B0B /* GHNetworks.m in Sources */ = {isa = PBXBuildFile; fileRef = 8CE686720FB8C56700A3D625 /* GHNetworks.m */; };
		6F5254750FC5482600005B0B /* GHNetwork.m in Sources */ = {isa = PBXBuildFile; fileRef = 8CE686740FB8C56700A3D625 /* GHNetwork.m */; };
		6F5254760FC5482700005B0B /* GHIssuesParserDelegate.m in Sources */ = {isa = PBXBuildFile; fileRef = 8C6A99E40FABCFC200A99483 /* GHIssuesParserDelegate.m */; };
		6F5254770FC5482800005B0B /* GHIssues.m in Sources */ = {isa = PBXBuildFile; fileRef = 8C6A9AE50FABDB0100A99483 /* GHIssues.m */; };
		6F5254780FC5482800005B0B /* GHIssue.m in Sources */ = {isa = PBXBuildFile; fileRef = 8C6A99E70FABD01500A99483 /* GHIssue.m */; };
		6F5254790FC5482900005B0B /* GHFeedParserDelegate.m in Sources */ = {isa = PBXBuildFile; fileRef = 6FD6172C0FA774E1008C751B /* GHFeedParserDelegate.m */; };
		6F52547A0FC5482B00005B0B /* GHFeedEntry.m in Sources */ = {isa = PBXBuildFile; fileRef = 6F1DC4480F7E5AA000FCD26D /* GHFeedEntry.m */; };
		6F52547B0FC5482B00005B0B /* GHFeed.m in Sources */ = {isa = PBXBuildFile; fileRef = 6F1DC4450F7E5A8A00FCD26D /* GHFeed.m */; };
		6F52547C0FC5482C00005B0B /* GHCommitsParserDelegate.m in Sources */ = {isa = PBXBuildFile; fileRef = 6FC465110F9D141D003A8E7B /* GHCommitsParserDelegate.m */; };
		6F52547D0FC5482C00005B0B /* GHCommit.m in Sources */ = {isa = PBXBuildFile; fileRef = 6FC465160F9D1445003A8E7B /* GHCommit.m */; };
		6F5254A70FC548D800005B0B /* CFNetwork.framework in Frameworks */ = {isa = PBXBuildFile; fileRef = 8CFBCFB20FAB8A6300A2C37A /* CFNetwork.framework */; };
		6F5254B60FC548F600005B0B /* libz.1.2.3.dylib in Frameworks */ = {isa = PBXBuildFile; fileRef = 8CFBCFB60FAB8A6D00A2C37A /* libz.1.2.3.dylib */; };
		6F5254BB0FC5490B00005B0B /* DebugLog.m in Sources */ = {isa = PBXBuildFile; fileRef = 6F74DD8F0FA76D1A00FD90AB /* DebugLog.m */; };
		6F5254BD0FC5491900005B0B /* CJSONDeserializer.m in Sources */ = {isa = PBXBuildFile; fileRef = 8C5693860FB0B9E600730A5C /* CJSONDeserializer.m */; };
		6F5254BF0FC5492100005B0B /* CJSONScanner.m in Sources */ = {isa = PBXBuildFile; fileRef = 8C5693880FB0B9E600730A5C /* CJSONScanner.m */; };
		6F5254C10FC5492500005B0B /* CJSONSerializer.m in Sources */ = {isa = PBXBuildFile; fileRef = 8C56938A0FB0B9E600730A5C /* CJSONSerializer.m */; };
		6F5254C20FC5492D00005B0B /* CDataScanner_Extensions.m in Sources */ = {isa = PBXBuildFile; fileRef = 8C56938D0FB0B9E600730A5C /* CDataScanner_Extensions.m */; };
		6F5254C30FC5492D00005B0B /* CDataScanner.m in Sources */ = {isa = PBXBuildFile; fileRef = 8C5693820FB0B9E600730A5C /* CDataScanner.m */; };
		6F5652C20F99BDF5001B6703 /* TabBarFeeds.png in Resources */ = {isa = PBXBuildFile; fileRef = 6F5652C10F99BDF5001B6703 /* TabBarFeeds.png */; };
		6F5652D00F99C1BF001B6703 /* TabBarRepos.png in Resources */ = {isa = PBXBuildFile; fileRef = 6F5652CF0F99C1BF001B6703 /* TabBarRepos.png */; };
		6F5652E10F99C85C001B6703 /* MyRepositoriesController.m in Sources */ = {isa = PBXBuildFile; fileRef = 6F5652E00F99C85C001B6703 /* MyRepositoriesController.m */; };
		6F5653030F99CB52001B6703 /* issues.png in Resources */ = {isa = PBXBuildFile; fileRef = 6F5653020F99CB52001B6703 /* issues.png */; };
		6F5653060F99CB62001B6703 /* private.png in Resources */ = {isa = PBXBuildFile; fileRef = 6F5653040F99CB62001B6703 /* private.png */; };
		6F5653070F99CB62001B6703 /* public.png in Resources */ = {isa = PBXBuildFile; fileRef = 6F5653050F99CB62001B6703 /* public.png */; };
		6F5653150F99DD75001B6703 /* FeedEntryCellBackground.png in Resources */ = {isa = PBXBuildFile; fileRef = 6F5653140F99DD75001B6703 /* FeedEntryCellBackground.png */; };
		6F5A40880F90B25F00427ED7 /* LabeledCell.xib in Resources */ = {isa = PBXBuildFile; fileRef = 6F5A40850F90B25F00427ED7 /* LabeledCell.xib */; };
		6F5A40890F90B25F00427ED7 /* User.xib in Resources */ = {isa = PBXBuildFile; fileRef = 6F5A40860F90B25F00427ED7 /* User.xib */; };
		6F5A41750F90C38300427ED7 /* RepositoryController.m in Sources */ = {isa = PBXBuildFile; fileRef = 6F5A41740F90C38300427ED7 /* RepositoryController.m */; };
		6F5A41790F90C42800427ED7 /* Repository.xib in Resources */ = {isa = PBXBuildFile; fileRef = 6F5A41780F90C42800427ED7 /* Repository.xib */; };
		6F5A420E0F90CE0500427ED7 /* TextCell.m in Sources */ = {isa = PBXBuildFile; fileRef = 6F5A420D0F90CE0500427ED7 /* TextCell.m */; };
		6F5A427D0F90D66D00427ED7 /* RepositoryTableHeadBackground.png in Resources */ = {isa = PBXBuildFile; fileRef = 6F5A427C0F90D66D00427ED7 /* RepositoryTableHeadBackground.png */; };
		6F72FAE80F9B47730069F092 /* FeedEntryController.m in Sources */ = {isa = PBXBuildFile; fileRef = 6F72FAE70F9B47730069F092 /* FeedEntryController.m */; };
		6F72FB210F9B51FE0069F092 /* FeedEntryDetailsHeadBackground.png in Resources */ = {isa = PBXBuildFile; fileRef = 6F72FB200F9B51FE0069F092 /* FeedEntryDetailsHeadBackground.png */; };
		6F72FB2F0F9B53810069F092 /* FeedEntryCell.m in Sources */ = {isa = PBXBuildFile; fileRef = 6F72FB2E0F9B53810069F092 /* FeedEntryCell.m */; };
		6F72FB600F9B5A5B0069F092 /* styles.html in Resources */ = {isa = PBXBuildFile; fileRef = 6F72FB5F0F9B5A5B0069F092 /* styles.html */; };
		6F74DD7C0FA76C8700FD90AB /* TextCell.xib in Resources */ = {isa = PBXBuildFile; fileRef = 6F74DD790FA76C8700FD90AB /* TextCell.xib */; };
		6F74DD890FA76CCA00FD90AB /* FeedEntryCell.xib in Resources */ = {isa = PBXBuildFile; fileRef = 6F74DD880FA76CCA00FD90AB /* FeedEntryCell.xib */; };
		6F74DD900FA76D1A00FD90AB /* DebugLog.m in Sources */ = {isa = PBXBuildFile; fileRef = 6F74DD8F0FA76D1A00FD90AB /* DebugLog.m */; };
		6F879A1D0FB60CB500EBD9BD /* group.png in Resources */ = {isa = PBXBuildFile; fileRef = 6F879A1B0FB60CB500EBD9BD /* group.png */; };
		6F879A1E0FB60CB500EBD9BD /* user.png in Resources */ = {isa = PBXBuildFile; fileRef = 6F879A1C0FB60CB500EBD9BD /* user.png */; };
		6F879A5C0FB611FD00EBD9BD /* UserCell.xib in Resources */ = {isa = PBXBuildFile; fileRef = 6F879A5A0FB611FD00EBD9BD /* UserCell.xib */; };
		6F879A5D0FB611FD00EBD9BD /* Users.xib in Resources */ = {isa = PBXBuildFile; fileRef = 6F879A5B0FB611FD00EBD9BD /* Users.xib */; };
		6F879AB10FB6184500EBD9BD /* UserCellBackground.png in Resources */ = {isa = PBXBuildFile; fileRef = 6F879AB00FB6184500EBD9BD /* UserCellBackground.png */; };
		6F879AE80FB61C7A00EBD9BD /* GHUsers.m in Sources */ = {isa = PBXBuildFile; fileRef = 6F879AE70FB61C7A00EBD9BD /* GHUsers.m */; };
		6FA92AFE0FACD51A001B1D1D /* FeedEntry.xib in Resources */ = {isa = PBXBuildFile; fileRef = 6FA92AFC0FACD51A001B1D1D /* FeedEntry.xib */; };
		6FA92AFF0FACD51A001B1D1D /* Issue.xib in Resources */ = {isa = PBXBuildFile; fileRef = 6FA92AFD0FACD51A001B1D1D /* Issue.xib */; };
		6FA92B1C0FACD648001B1D1D /* issues_closed.png in Resources */ = {isa = PBXBuildFile; fileRef = 6FA92B1A0FACD648001B1D1D /* issues_closed.png */; };
		6FA92B1D0FACD648001B1D1D /* issues_open.png in Resources */ = {isa = PBXBuildFile; fileRef = 6FA92B1B0FACD648001B1D1D /* issues_open.png */; };
		6FA92B320FACD6EA001B1D1D /* MyFeeds.xib in Resources */ = {isa = PBXBuildFile; fileRef = 6FA92B300FACD6EA001B1D1D /* MyFeeds.xib */; };
		6FA92B330FACD6EA001B1D1D /* MyRepositories.xib in Resources */ = {isa = PBXBuildFile; fileRef = 6FA92B310FACD6EA001B1D1D /* MyRepositories.xib */; };
		6FA92B4E0FACD7ED001B1D1D /* IssueCell.xib in Resources */ = {isa = PBXBuildFile; fileRef = 6FA92B4D0FACD7ED001B1D1D /* IssueCell.xib */; };
		6FB7FEAB0F7E2C8700E8D702 /* MainWindow.xib in Resources */ = {isa = PBXBuildFile; fileRef = 6FB7FEA90F7E2C8700E8D702 /* MainWindow.xib */; };
		6FB93A960FB2231E002B43AD /* RepositoryCell.m in Sources */ = {isa = PBXBuildFile; fileRef = 6FB93A950FB2231E002B43AD /* RepositoryCell.m */; };
		6FC465120F9D141D003A8E7B /* GHCommitsParserDelegate.m in Sources */ = {isa = PBXBuildFile; fileRef = 6FC465110F9D141D003A8E7B /* GHCommitsParserDelegate.m */; };
		6FC465170F9D1445003A8E7B /* GHCommit.m in Sources */ = {isa = PBXBuildFile; fileRef = 6FC465160F9D1445003A8E7B /* GHCommit.m */; };
		6FC647290F9B165E00FE39F6 /* GHReposParserDelegate.m in Sources */ = {isa = PBXBuildFile; fileRef = 6FC647280F9B165E00FE39F6 /* GHReposParserDelegate.m */; };
		6FC95F1F0F8905F500FC0968 /* UserController.m in Sources */ = {isa = PBXBuildFile; fileRef = 6FC95F1E0F8905F500FC0968 /* UserController.m */; };
		6FC95F280F8908ED00FC0968 /* UserTableHeadBackground.png in Resources */ = {isa = PBXBuildFile; fileRef = 6FC95F270F8908ED00FC0968 /* UserTableHeadBackground.png */; };
		6FC9610C0F8935DC00FC0968 /* LabeledCell.m in Sources */ = {isa = PBXBuildFile; fileRef = 6FC9610B0F8935DC00FC0968 /* LabeledCell.m */; };
		6FCAF1660F895756005E1173 /* GravatarLoader.m in Sources */ = {isa = PBXBuildFile; fileRef = 6FCAF1650F895756005E1173 /* GravatarLoader.m */; };
		6FCDC6400FC04D330024E498 /* feed.png in Resources */ = {isa = PBXBuildFile; fileRef = 6FCDC63F0FC04D330024E498 /* feed.png */; };
		6FCDC66C0FC04F180024E498 /* Feed.xib in Resources */ = {isa = PBXBuildFile; fileRef = 6FCDC66B0FC04F180024E498 /* Feed.xib */; };
		6FCE4D280F7FD48700451D6E /* commit.png in Resources */ = {isa = PBXBuildFile; fileRef = 6FCE4D240F7FD48700451D6E /* commit.png */; };
		6FCE4D290F7FD48700451D6E /* delete.png in Resources */ = {isa = PBXBuildFile; fileRef = 6FCE4D250F7FD48700451D6E /* delete.png */; };
		6FCE4D2A0F7FD48700451D6E /* follow.png in Resources */ = {isa = PBXBuildFile; fileRef = 6FCE4D260F7FD48700451D6E /* follow.png */; };
		6FCE4D2B0F7FD48700451D6E /* gist.png in Resources */ = {isa = PBXBuildFile; fileRef = 6FCE4D270F7FD48700451D6E /* gist.png */; };
		6FCE4D880F7FE16A00451D6E /* MyFeedsController.m in Sources */ = {isa = PBXBuildFile; fileRef = 6FCE4D870F7FE16A00451D6E /* MyFeedsController.m */; };
		6FCE4DB70F7FE5C600451D6E /* member.png in Resources */ = {isa = PBXBuildFile; fileRef = 6FCE4DB60F7FE5C600451D6E /* member.png */; };
		6FD6172D0FA774E1008C751B /* GHFeedParserDelegate.m in Sources */ = {isa = PBXBuildFile; fileRef = 6FD6172C0FA774E1008C751B /* GHFeedParserDelegate.m */; };
		6FD61A0A0FA7AB26008C751B /* FollowButton.png in Resources */ = {isa = PBXBuildFile; fileRef = 6FD61A060FA7AB26008C751B /* FollowButton.png */; };
		6FD61A0B0FA7AB26008C751B /* UnfollowButton.png in Resources */ = {isa = PBXBuildFile; fileRef = 6FD61A070FA7AB26008C751B /* UnfollowButton.png */; };
		6FD61A0C0FA7AB26008C751B /* UnwatchButton.png in Resources */ = {isa = PBXBuildFile; fileRef = 6FD61A080FA7AB26008C751B /* UnwatchButton.png */; };
		6FD61A0D0FA7AB26008C751B /* WatchButton.png in Resources */ = {isa = PBXBuildFile; fileRef = 6FD61A090FA7AB26008C751B /* WatchButton.png */; };
		6FE91E190FAD088600749370 /* Login.xib in Resources */ = {isa = PBXBuildFile; fileRef = 6FE91E180FAD088600749370 /* Login.xib */; };
		6FE91E470FAD115300749370 /* LoginBackground.png in Resources */ = {isa = PBXBuildFile; fileRef = 6FE91E460FAD115300749370 /* LoginBackground.png */; };
		6FE91E4C0FAD13D500749370 /* LoginController.m in Sources */ = {isa = PBXBuildFile; fileRef = 6FE91E4B0FAD13D500749370 /* LoginController.m */; };
		6FED81B70FAC97A100BE5C81 /* GHResourcesParserDelegate.m in Sources */ = {isa = PBXBuildFile; fileRef = 6FED81B60FAC97A100BE5C81 /* GHResourcesParserDelegate.m */; };
		6FED82970FACA1E700BE5C81 /* IssuesController.m in Sources */ = {isa = PBXBuildFile; fileRef = 6FED82960FACA1E700BE5C81 /* IssuesController.m */; };
		6FED829A0FACA2F000BE5C81 /* Issues.xib in Resources */ = {isa = PBXBuildFile; fileRef = 6FED82990FACA2F000BE5C81 /* Issues.xib */; };
		6FED83010FACB91000BE5C81 /* FeedController.m in Sources */ = {isa = PBXBuildFile; fileRef = 6FED83000FACB91000BE5C81 /* FeedController.m */; };
		6FF651980F8A9DA200C20E2D /* Entitlements.plist in Resources */ = {isa = PBXBuildFile; fileRef = 6FF651970F8A9DA200C20E2D /* Entitlements.plist */; };
		6FF6EB2B0FA61110000679FA /* GHUsersParserDelegate.m in Sources */ = {isa = PBXBuildFile; fileRef = 6FF6EB2A0FA61110000679FA /* GHUsersParserDelegate.m */; };
		8C53B4D00FB0F20B00C3A8E0 /* UsersController.m in Sources */ = {isa = PBXBuildFile; fileRef = 8C53B4CF0FB0F20B00C3A8E0 /* UsersController.m */; };
		8C53B4D70FB0F32600C3A8E0 /* UserCell.m in Sources */ = {isa = PBXBuildFile; fileRef = 8C53B4D60FB0F32600C3A8E0 /* UserCell.m */; };
		8C5693940FB0B9E600730A5C /* CDataScanner.m in Sources */ = {isa = PBXBuildFile; fileRef = 8C5693820FB0B9E600730A5C /* CDataScanner.m */; };
		8C5693950FB0B9E600730A5C /* CJSONDeserializer.m in Sources */ = {isa = PBXBuildFile; fileRef = 8C5693860FB0B9E600730A5C /* CJSONDeserializer.m */; };
		8C5693960FB0B9E600730A5C /* CJSONScanner.m in Sources */ = {isa = PBXBuildFile; fileRef = 8C5693880FB0B9E600730A5C /* CJSONScanner.m */; };
		8C5693970FB0B9E600730A5C /* CJSONSerializer.m in Sources */ = {isa = PBXBuildFile; fileRef = 8C56938A0FB0B9E600730A5C /* CJSONSerializer.m */; };
		8C5693980FB0B9E600730A5C /* CDataScanner_Extensions.m in Sources */ = {isa = PBXBuildFile; fileRef = 8C56938D0FB0B9E600730A5C /* CDataScanner_Extensions.m */; };
		8C5693990FB0B9E600730A5C /* NSCharacterSet_Extensions.m in Sources */ = {isa = PBXBuildFile; fileRef = 8C56938F0FB0B9E600730A5C /* NSCharacterSet_Extensions.m */; };
		8C56939A0FB0B9E600730A5C /* NSDictionary_JSONExtensions.m in Sources */ = {isa = PBXBuildFile; fileRef = 8C5693910FB0B9E600730A5C /* NSDictionary_JSONExtensions.m */; };
		8C56939B0FB0B9E600730A5C /* NSScanner_Extensions.m in Sources */ = {isa = PBXBuildFile; fileRef = 8C5693930FB0B9E600730A5C /* NSScanner_Extensions.m */; };
		8C6A99E50FABCFC200A99483 /* GHIssuesParserDelegate.m in Sources */ = {isa = PBXBuildFile; fileRef = 8C6A99E40FABCFC200A99483 /* GHIssuesParserDelegate.m */; };
		8C6A99E80FABD01500A99483 /* GHIssue.m in Sources */ = {isa = PBXBuildFile; fileRef = 8C6A99E70FABD01500A99483 /* GHIssue.m */; };
		8C6A9AE60FABDB0100A99483 /* GHIssues.m in Sources */ = {isa = PBXBuildFile; fileRef = 8C6A9AE50FABDB0100A99483 /* GHIssues.m */; };
		8C6A9EA30FABF1D900A99483 /* IssueCell.m in Sources */ = {isa = PBXBuildFile; fileRef = 8C6A9EA20FABF1D900A99483 /* IssueCell.m */; };
		8C6AA15F0FAC22B000A99483 /* IssueController.m in Sources */ = {isa = PBXBuildFile; fileRef = 8C6AA15E0FAC22B000A99483 /* IssueController.m */; };
		8CB698000FB0087800B6E779 /* NSDate+Nibware.m in Sources */ = {isa = PBXBuildFile; fileRef = 8CB697FE0FB0087800B6E779 /* NSDate+Nibware.m */; };
		8CE686760FB8C56700A3D625 /* GHNetworks.m in Sources */ = {isa = PBXBuildFile; fileRef = 8CE686720FB8C56700A3D625 /* GHNetworks.m */; };
		8CE686770FB8C56700A3D625 /* GHNetwork.m in Sources */ = {isa = PBXBuildFile; fileRef = 8CE686740FB8C56700A3D625 /* GHNetwork.m */; };
		8CE6867A0FB8C57500A3D625 /* GHNetworksParserDelegate.m in Sources */ = {isa = PBXBuildFile; fileRef = 8CE686780FB8C57500A3D625 /* GHNetworksParserDelegate.m */; };
		8CE6867D0FB8C58400A3D625 /* NetworksController.m in Sources */ = {isa = PBXBuildFile; fileRef = 8CE6867B0FB8C58400A3D625 /* NetworksController.m */; };
		8CE686800FB8C59400A3D625 /* NetworkCell.m in Sources */ = {isa = PBXBuildFile; fileRef = 8CE6867E0FB8C59400A3D625 /* NetworkCell.m */; };
		8CE686E90FB8C83100A3D625 /* NetworkCell.xib in Resources */ = {isa = PBXBuildFile; fileRef = 8CE686E80FB8C83100A3D625 /* NetworkCell.xib */; };
		8CE686EC0FB8C87300A3D625 /* Networks.xib in Resources */ = {isa = PBXBuildFile; fileRef = 8CE686EB0FB8C87300A3D625 /* Networks.xib */; };
		8CFBCFAC0FAB8A3100A2C37A /* ASIFormDataRequest.m in Sources */ = {isa = PBXBuildFile; fileRef = 8CFBCFA50FAB8A3100A2C37A /* ASIFormDataRequest.m */; };
		8CFBCFAD0FAB8A3100A2C37A /* ASINetworkQueue.m in Sources */ = {isa = PBXBuildFile; fileRef = 8CFBCFA60FAB8A3100A2C37A /* ASINetworkQueue.m */; };
		8CFBCFAE0FAB8A3100A2C37A /* ASIHTTPRequest.m in Sources */ = {isa = PBXBuildFile; fileRef = 8CFBCFA80FAB8A3100A2C37A /* ASIHTTPRequest.m */; };
		8CFBCFAF0FAB8A3100A2C37A /* NSHTTPCookieAdditions.m in Sources */ = {isa = PBXBuildFile; fileRef = 8CFBCFA90FAB8A3100A2C37A /* NSHTTPCookieAdditions.m */; };
		8CFBCFB30FAB8A6300A2C37A /* CFNetwork.framework in Frameworks */ = {isa = PBXBuildFile; fileRef = 8CFBCFB20FAB8A6300A2C37A /* CFNetwork.framework */; };
		8CFBCFB70FAB8A6D00A2C37A /* libz.1.2.3.dylib in Frameworks */ = {isa = PBXBuildFile; fileRef = 8CFBCFB60FAB8A6D00A2C37A /* libz.1.2.3.dylib */; };
/* End PBXBuildFile section */

/* Begin PBXContainerItemProxy section */
		6F5254530FC545F500005B0B /* PBXContainerItemProxy */ = {
			isa = PBXContainerItemProxy;
			containerPortal = 29B97313FDCFA39411CA2CEA /* Project object */;
			proxyType = 1;
			remoteGlobalIDString = 6F5254300FC5440900005B0B /* Unit Tests */;
			remoteInfo = "Unit Tests";
		};
/* End PBXContainerItemProxy section */

/* Begin PBXFileReference section */
		1D30AB110D05D00D00671497 /* Foundation.framework */ = {isa = PBXFileReference; lastKnownFileType = wrapper.framework; name = Foundation.framework; path = System/Library/Frameworks/Foundation.framework; sourceTree = SDKROOT; };
		1D3623240D0F684500981E51 /* iOctocatAppDelegate.h */ = {isa = PBXFileReference; fileEncoding = 4; lastKnownFileType = sourcecode.c.h; path = iOctocatAppDelegate.h; sourceTree = "<group>"; };
		1D3623250D0F684500981E51 /* iOctocatAppDelegate.m */ = {isa = PBXFileReference; fileEncoding = 4; lastKnownFileType = sourcecode.c.objc; path = iOctocatAppDelegate.m; sourceTree = "<group>"; };
		1D6058910D05DD3D006BFB54 /* iOctocat.app */ = {isa = PBXFileReference; explicitFileType = wrapper.application; includeInIndex = 0; path = iOctocat.app; sourceTree = BUILT_PRODUCTS_DIR; };
		1DF5F4DF0D08C38300B7A737 /* UIKit.framework */ = {isa = PBXFileReference; lastKnownFileType = wrapper.framework; name = UIKit.framework; path = System/Library/Frameworks/UIKit.framework; sourceTree = SDKROOT; };
		2892E40F0DC94CBA00A64D0F /* CoreGraphics.framework */ = {isa = PBXFileReference; lastKnownFileType = wrapper.framework; name = CoreGraphics.framework; path = System/Library/Frameworks/CoreGraphics.framework; sourceTree = SDKROOT; };
		28A0AAE50D9B0CCF005BE974 /* iOctocat_Prefix.pch */ = {isa = PBXFileReference; fileEncoding = 4; lastKnownFileType = sourcecode.c.h; path = iOctocat_Prefix.pch; sourceTree = "<group>"; };
		29B97316FDCFA39411CA2CEA /* main.m */ = {isa = PBXFileReference; fileEncoding = 4; lastKnownFileType = sourcecode.c.objc; path = main.m; sourceTree = "<group>"; };
		6F14B6480FA5F37500F74B4C /* GHResource.h */ = {isa = PBXFileReference; fileEncoding = 4; lastKnownFileType = sourcecode.c.h; path = GHResource.h; sourceTree = "<group>"; };
		6F14B6490FA5F37500F74B4C /* GHResource.m */ = {isa = PBXFileReference; fileEncoding = 4; lastKnownFileType = sourcecode.c.objc; path = GHResource.m; sourceTree = "<group>"; };
		6F1BCBE00FAC586800D66E02 /* upvote.png */ = {isa = PBXFileReference; lastKnownFileType = image.png; name = upvote.png; path = Images/Icons/upvote.png; sourceTree = "<group>"; };
		6F1BCBE30FAC587600D66E02 /* Icon.png */ = {isa = PBXFileReference; lastKnownFileType = image.png; name = Icon.png; path = Images/Icon.png; sourceTree = "<group>"; };
		6F1BCBE50FAC588800D66E02 /* Default.png */ = {isa = PBXFileReference; lastKnownFileType = image.png; name = Default.png; path = Images/Default.png; sourceTree = "<group>"; };
		6F1BCC300FAC5C2C00D66E02 /* IssueDetailsHeadBackground.png */ = {isa = PBXFileReference; lastKnownFileType = image.png; name = IssueDetailsHeadBackground.png; path = Images/IssueDetailsHeadBackground.png; sourceTree = "<group>"; };
		6F1DC39A0F7E52F000FCD26D /* Settings.bundle */ = {isa = PBXFileReference; lastKnownFileType = "wrapper.plug-in"; path = Settings.bundle; sourceTree = "<group>"; };
		6F1DC3FC0F7E569F00FCD26D /* AppConstants.h */ = {isa = PBXFileReference; fileEncoding = 4; lastKnownFileType = sourcecode.c.h; name = AppConstants.h; path = Classes/AppConstants.h; sourceTree = "<group>"; };
		6F1DC4440F7E5A8A00FCD26D /* GHFeed.h */ = {isa = PBXFileReference; fileEncoding = 4; lastKnownFileType = sourcecode.c.h; path = GHFeed.h; sourceTree = "<group>"; };
		6F1DC4450F7E5A8A00FCD26D /* GHFeed.m */ = {isa = PBXFileReference; fileEncoding = 4; lastKnownFileType = sourcecode.c.objc; path = GHFeed.m; sourceTree = "<group>"; };
		6F1DC4470F7E5AA000FCD26D /* GHFeedEntry.h */ = {isa = PBXFileReference; fileEncoding = 4; lastKnownFileType = sourcecode.c.h; path = GHFeedEntry.h; sourceTree = "<group>"; };
		6F1DC4480F7E5AA000FCD26D /* GHFeedEntry.m */ = {isa = PBXFileReference; fileEncoding = 4; lastKnownFileType = sourcecode.c.objc; path = GHFeedEntry.m; sourceTree = "<group>"; };
		6F1DC52E0F7E727C00FCD26D /* FeedEntryCell.h */ = {isa = PBXFileReference; fileEncoding = 4; lastKnownFileType = sourcecode.c.h; path = FeedEntryCell.h; sourceTree = "<group>"; };
		6F1DC5BE0F7E7F4600FCD26D /* comment.png */ = {isa = PBXFileReference; lastKnownFileType = image.png; name = comment.png; path = Images/Icons/comment.png; sourceTree = "<group>"; };
		6F1DC5BF0F7E7F4600FCD26D /* create.png */ = {isa = PBXFileReference; lastKnownFileType = image.png; name = create.png; path = Images/Icons/create.png; sourceTree = "<group>"; };
		6F1DC5C00F7E7F4600FCD26D /* fork.png */ = {isa = PBXFileReference; lastKnownFileType = image.png; name = fork.png; path = Images/Icons/fork.png; sourceTree = "<group>"; };
		6F1DC5C10F7E7F4600FCD26D /* merge.png */ = {isa = PBXFileReference; lastKnownFileType = image.png; name = merge.png; path = Images/Icons/merge.png; sourceTree = "<group>"; };
		6F1DC5C20F7E7F4600FCD26D /* push.png */ = {isa = PBXFileReference; lastKnownFileType = image.png; name = push.png; path = Images/Icons/push.png; sourceTree = "<group>"; };
		6F1DC5C40F7E7F4600FCD26D /* wiki.png */ = {isa = PBXFileReference; lastKnownFileType = image.png; name = wiki.png; path = Images/Icons/wiki.png; sourceTree = "<group>"; };
		6F1DC6430F7E8BDA00FCD26D /* watch.png */ = {isa = PBXFileReference; lastKnownFileType = image.png; name = watch.png; path = Images/Icons/watch.png; sourceTree = "<group>"; };
		6F1DC6590F7E8D6900FCD26D /* WebView.xib */ = {isa = PBXFileReference; lastKnownFileType = file.xib; name = WebView.xib; path = IBFiles/WebView.xib; sourceTree = "<group>"; };
		6F1DC6720F7E8E1900FCD26D /* WebController.h */ = {isa = PBXFileReference; fileEncoding = 4; lastKnownFileType = sourcecode.c.h; path = WebController.h; sourceTree = "<group>"; };
		6F1DC6730F7E8E1900FCD26D /* WebController.m */ = {isa = PBXFileReference; fileEncoding = 4; lastKnownFileType = sourcecode.c.objc; path = WebController.m; sourceTree = "<group>"; };
		6F2D9A870FB1887300FFABE9 /* SearchController.h */ = {isa = PBXFileReference; fileEncoding = 4; lastKnownFileType = sourcecode.c.h; path = SearchController.h; sourceTree = "<group>"; };
		6F2D9A880FB1887300FFABE9 /* SearchController.m */ = {isa = PBXFileReference; fileEncoding = 4; lastKnownFileType = sourcecode.c.objc; path = SearchController.m; sourceTree = "<group>"; };
		6F2D9B4F0FB19AF800FFABE9 /* OverlayController.h */ = {isa = PBXFileReference; fileEncoding = 4; lastKnownFileType = sourcecode.c.h; path = OverlayController.h; sourceTree = "<group>"; };
		6F2D9B500FB19AF800FFABE9 /* OverlayController.m */ = {isa = PBXFileReference; fileEncoding = 4; lastKnownFileType = sourcecode.c.objc; path = OverlayController.m; sourceTree = "<group>"; };
		6F358BF90FB1EA6F004D2828 /* DefaultGravatar.png */ = {isa = PBXFileReference; lastKnownFileType = image.png; name = DefaultGravatar.png; path = Images/DefaultGravatar.png; sourceTree = "<group>"; };
		6F358BFA0FB1EA6F004D2828 /* TabBarNetwork.png */ = {isa = PBXFileReference; lastKnownFileType = image.png; name = TabBarNetwork.png; path = Images/TabBarNetwork.png; sourceTree = "<group>"; };
		6F358C050FB1EAE0004D2828 /* Overlay.xib */ = {isa = PBXFileReference; lastKnownFileType = file.xib; name = Overlay.xib; path = IBFiles/Overlay.xib; sourceTree = "<group>"; };
		6F358C060FB1EAE0004D2828 /* Search.xib */ = {isa = PBXFileReference; lastKnownFileType = file.xib; name = Search.xib; path = IBFiles/Search.xib; sourceTree = "<group>"; };
		6F358C5A0FB1EEC4004D2828 /* GHSearch.h */ = {isa = PBXFileReference; fileEncoding = 4; lastKnownFileType = sourcecode.c.h; path = GHSearch.h; sourceTree = "<group>"; };
		6F358C5B0FB1EEC4004D2828 /* GHSearch.m */ = {isa = PBXFileReference; fileEncoding = 4; lastKnownFileType = sourcecode.c.objc; path = GHSearch.m; sourceTree = "<group>"; };
		6F35BD370F88B01900E978CD /* GHUser.h */ = {isa = PBXFileReference; fileEncoding = 4; lastKnownFileType = sourcecode.c.h; path = GHUser.h; sourceTree = "<group>"; };
		6F35BD380F88B01900E978CD /* GHUser.m */ = {isa = PBXFileReference; fileEncoding = 4; lastKnownFileType = sourcecode.c.objc; path = GHUser.m; sourceTree = "<group>"; };
		6F35BD520F88B06200E978CD /* GHRepository.h */ = {isa = PBXFileReference; fileEncoding = 4; lastKnownFileType = sourcecode.c.h; path = GHRepository.h; sourceTree = "<group>"; };
		6F35BD530F88B06200E978CD /* GHRepository.m */ = {isa = PBXFileReference; fileEncoding = 4; lastKnownFileType = sourcecode.c.objc; path = GHRepository.m; sourceTree = "<group>"; };
		6F5254310FC5440900005B0B /* Unit Tests.octest */ = {isa = PBXFileReference; explicitFileType = wrapper.cfbundle; includeInIndex = 0; path = "Unit Tests.octest"; sourceTree = BUILT_PRODUCTS_DIR; };
		6F5254320FC5440900005B0B /* Unit Tests-Info.plist */ = {isa = PBXFileReference; lastKnownFileType = text.plist.xml; path = "Unit Tests-Info.plist"; sourceTree = "<group>"; };
		6F52543F0FC544DA00005B0B /* GHResourceTestCase.m */ = {isa = PBXFileReference; fileEncoding = 4; lastKnownFileType = sourcecode.c.objc; name = GHResourceTestCase.m; path = TestCases/GHResourceTestCase.m; sourceTree = "<group>"; };
		6F5652C10F99BDF5001B6703 /* TabBarFeeds.png */ = {isa = PBXFileReference; lastKnownFileType = image.png; name = TabBarFeeds.png; path = Images/TabBarFeeds.png; sourceTree = "<group>"; };
		6F5652CF0F99C1BF001B6703 /* TabBarRepos.png */ = {isa = PBXFileReference; lastKnownFileType = image.png; name = TabBarRepos.png; path = Images/TabBarRepos.png; sourceTree = "<group>"; };
		6F5652DF0F99C85C001B6703 /* MyRepositoriesController.h */ = {isa = PBXFileReference; fileEncoding = 4; lastKnownFileType = sourcecode.c.h; path = MyRepositoriesController.h; sourceTree = "<group>"; };
		6F5652E00F99C85C001B6703 /* MyRepositoriesController.m */ = {isa = PBXFileReference; fileEncoding = 4; lastKnownFileType = sourcecode.c.objc; path = MyRepositoriesController.m; sourceTree = "<group>"; };
		6F5653020F99CB52001B6703 /* issues.png */ = {isa = PBXFileReference; lastKnownFileType = image.png; name = issues.png; path = Images/Icons/issues.png; sourceTree = "<group>"; };
		6F5653040F99CB62001B6703 /* private.png */ = {isa = PBXFileReference; lastKnownFileType = image.png; name = private.png; path = Images/Icons/private.png; sourceTree = "<group>"; };
		6F5653050F99CB62001B6703 /* public.png */ = {isa = PBXFileReference; lastKnownFileType = image.png; name = public.png; path = Images/Icons/public.png; sourceTree = "<group>"; };
		6F5653140F99DD75001B6703 /* FeedEntryCellBackground.png */ = {isa = PBXFileReference; lastKnownFileType = image.png; name = FeedEntryCellBackground.png; path = Images/FeedEntryCellBackground.png; sourceTree = "<group>"; };
		6F5A40850F90B25F00427ED7 /* LabeledCell.xib */ = {isa = PBXFileReference; lastKnownFileType = file.xib; name = LabeledCell.xib; path = IBFiles/LabeledCell.xib; sourceTree = "<group>"; };
		6F5A40860F90B25F00427ED7 /* User.xib */ = {isa = PBXFileReference; lastKnownFileType = file.xib; name = User.xib; path = IBFiles/User.xib; sourceTree = "<group>"; };
		6F5A41730F90C38300427ED7 /* RepositoryController.h */ = {isa = PBXFileReference; fileEncoding = 4; lastKnownFileType = sourcecode.c.h; path = RepositoryController.h; sourceTree = "<group>"; };
		6F5A41740F90C38300427ED7 /* RepositoryController.m */ = {isa = PBXFileReference; fileEncoding = 4; lastKnownFileType = sourcecode.c.objc; path = RepositoryController.m; sourceTree = "<group>"; };
		6F5A41780F90C42800427ED7 /* Repository.xib */ = {isa = PBXFileReference; lastKnownFileType = file.xib; name = Repository.xib; path = IBFiles/Repository.xib; sourceTree = "<group>"; };
		6F5A420C0F90CE0500427ED7 /* TextCell.h */ = {isa = PBXFileReference; fileEncoding = 4; lastKnownFileType = sourcecode.c.h; path = TextCell.h; sourceTree = "<group>"; };
		6F5A420D0F90CE0500427ED7 /* TextCell.m */ = {isa = PBXFileReference; fileEncoding = 4; lastKnownFileType = sourcecode.c.objc; path = TextCell.m; sourceTree = "<group>"; };
		6F5A427C0F90D66D00427ED7 /* RepositoryTableHeadBackground.png */ = {isa = PBXFileReference; lastKnownFileType = image.png; name = RepositoryTableHeadBackground.png; path = Images/RepositoryTableHeadBackground.png; sourceTree = "<group>"; };
		6F72FAE60F9B47730069F092 /* FeedEntryController.h */ = {isa = PBXFileReference; fileEncoding = 4; lastKnownFileType = sourcecode.c.h; path = FeedEntryController.h; sourceTree = "<group>"; };
		6F72FAE70F9B47730069F092 /* FeedEntryController.m */ = {isa = PBXFileReference; fileEncoding = 4; lastKnownFileType = sourcecode.c.objc; path = FeedEntryController.m; sourceTree = "<group>"; };
		6F72FB200F9B51FE0069F092 /* FeedEntryDetailsHeadBackground.png */ = {isa = PBXFileReference; lastKnownFileType = image.png; name = FeedEntryDetailsHeadBackground.png; path = Images/FeedEntryDetailsHeadBackground.png; sourceTree = "<group>"; };
		6F72FB2E0F9B53810069F092 /* FeedEntryCell.m */ = {isa = PBXFileReference; fileEncoding = 4; lastKnownFileType = sourcecode.c.objc; path = FeedEntryCell.m; sourceTree = "<group>"; };
		6F72FB5F0F9B5A5B0069F092 /* styles.html */ = {isa = PBXFileReference; fileEncoding = 4; lastKnownFileType = text.html; path = styles.html; sourceTree = "<group>"; };
		6F74DD790FA76C8700FD90AB /* TextCell.xib */ = {isa = PBXFileReference; lastKnownFileType = file.xib; name = TextCell.xib; path = IBFiles/TextCell.xib; sourceTree = "<group>"; };
		6F74DD880FA76CCA00FD90AB /* FeedEntryCell.xib */ = {isa = PBXFileReference; lastKnownFileType = file.xib; name = FeedEntryCell.xib; path = IBFiles/FeedEntryCell.xib; sourceTree = "<group>"; };
		6F74DD8A0FA76CE000FD90AB /* MIT-LICENSE */ = {isa = PBXFileReference; fileEncoding = 4; lastKnownFileType = text; path = "MIT-LICENSE"; sourceTree = "<group>"; };
		6F74DD8B0FA76CE000FD90AB /* README.textile */ = {isa = PBXFileReference; fileEncoding = 4; lastKnownFileType = text; path = README.textile; sourceTree = "<group>"; };
		6F74DD8E0FA76D1A00FD90AB /* DebugLog.h */ = {isa = PBXFileReference; fileEncoding = 4; lastKnownFileType = sourcecode.c.h; name = DebugLog.h; path = Classes/DebugLog.h; sourceTree = "<group>"; };
		6F74DD8F0FA76D1A00FD90AB /* DebugLog.m */ = {isa = PBXFileReference; fileEncoding = 4; lastKnownFileType = sourcecode.c.objc; name = DebugLog.m; path = Classes/DebugLog.m; sourceTree = "<group>"; };
		6F879A1B0FB60CB500EBD9BD /* group.png */ = {isa = PBXFileReference; lastKnownFileType = image.png; name = group.png; path = Images/Icons/group.png; sourceTree = "<group>"; };
		6F879A1C0FB60CB500EBD9BD /* user.png */ = {isa = PBXFileReference; lastKnownFileType = image.png; name = user.png; path = Images/Icons/user.png; sourceTree = "<group>"; };
		6F879A5A0FB611FD00EBD9BD /* UserCell.xib */ = {isa = PBXFileReference; lastKnownFileType = file.xib; name = UserCell.xib; path = IBFiles/UserCell.xib; sourceTree = "<group>"; };
		6F879A5B0FB611FD00EBD9BD /* Users.xib */ = {isa = PBXFileReference; lastKnownFileType = file.xib; name = Users.xib; path = IBFiles/Users.xib; sourceTree = "<group>"; };
		6F879AB00FB6184500EBD9BD /* UserCellBackground.png */ = {isa = PBXFileReference; lastKnownFileType = image.png; name = UserCellBackground.png; path = Images/UserCellBackground.png; sourceTree = "<group>"; };
		6F879AE60FB61C7A00EBD9BD /* GHUsers.h */ = {isa = PBXFileReference; fileEncoding = 4; lastKnownFileType = sourcecode.c.h; path = GHUsers.h; sourceTree = "<group>"; };
		6F879AE70FB61C7A00EBD9BD /* GHUsers.m */ = {isa = PBXFileReference; fileEncoding = 4; lastKnownFileType = sourcecode.c.objc; path = GHUsers.m; sourceTree = "<group>"; };
		6FA92AFC0FACD51A001B1D1D /* FeedEntry.xib */ = {isa = PBXFileReference; lastKnownFileType = file.xib; name = FeedEntry.xib; path = IBFiles/FeedEntry.xib; sourceTree = "<group>"; };
		6FA92AFD0FACD51A001B1D1D /* Issue.xib */ = {isa = PBXFileReference; lastKnownFileType = file.xib; name = Issue.xib; path = IBFiles/Issue.xib; sourceTree = "<group>"; };
		6FA92B1A0FACD648001B1D1D /* issues_closed.png */ = {isa = PBXFileReference; lastKnownFileType = image.png; name = issues_closed.png; path = Images/Icons/issues_closed.png; sourceTree = "<group>"; };
		6FA92B1B0FACD648001B1D1D /* issues_open.png */ = {isa = PBXFileReference; lastKnownFileType = image.png; name = issues_open.png; path = Images/Icons/issues_open.png; sourceTree = "<group>"; };
		6FA92B300FACD6EA001B1D1D /* MyFeeds.xib */ = {isa = PBXFileReference; lastKnownFileType = file.xib; name = MyFeeds.xib; path = IBFiles/MyFeeds.xib; sourceTree = "<group>"; };
		6FA92B310FACD6EA001B1D1D /* MyRepositories.xib */ = {isa = PBXFileReference; lastKnownFileType = file.xib; name = MyRepositories.xib; path = IBFiles/MyRepositories.xib; sourceTree = "<group>"; };
		6FA92B4D0FACD7ED001B1D1D /* IssueCell.xib */ = {isa = PBXFileReference; lastKnownFileType = file.xib; name = IssueCell.xib; path = IBFiles/IssueCell.xib; sourceTree = "<group>"; };
		6FB7FEA90F7E2C8700E8D702 /* MainWindow.xib */ = {isa = PBXFileReference; lastKnownFileType = file.xib; name = MainWindow.xib; path = IBFiles/MainWindow.xib; sourceTree = "<group>"; };
		6FB93A940FB2231E002B43AD /* RepositoryCell.h */ = {isa = PBXFileReference; fileEncoding = 4; lastKnownFileType = sourcecode.c.h; path = RepositoryCell.h; sourceTree = "<group>"; };
		6FB93A950FB2231E002B43AD /* RepositoryCell.m */ = {isa = PBXFileReference; fileEncoding = 4; lastKnownFileType = sourcecode.c.objc; path = RepositoryCell.m; sourceTree = "<group>"; };
		6FC465100F9D141D003A8E7B /* GHCommitsParserDelegate.h */ = {isa = PBXFileReference; fileEncoding = 4; lastKnownFileType = sourcecode.c.h; path = GHCommitsParserDelegate.h; sourceTree = "<group>"; };
		6FC465110F9D141D003A8E7B /* GHCommitsParserDelegate.m */ = {isa = PBXFileReference; fileEncoding = 4; lastKnownFileType = sourcecode.c.objc; path = GHCommitsParserDelegate.m; sourceTree = "<group>"; };
		6FC465150F9D1445003A8E7B /* GHCommit.h */ = {isa = PBXFileReference; fileEncoding = 4; lastKnownFileType = sourcecode.c.h; path = GHCommit.h; sourceTree = "<group>"; };
		6FC465160F9D1445003A8E7B /* GHCommit.m */ = {isa = PBXFileReference; fileEncoding = 4; lastKnownFileType = sourcecode.c.objc; path = GHCommit.m; sourceTree = "<group>"; };
		6FC647270F9B165E00FE39F6 /* GHReposParserDelegate.h */ = {isa = PBXFileReference; fileEncoding = 4; lastKnownFileType = sourcecode.c.h; path = GHReposParserDelegate.h; sourceTree = "<group>"; };
		6FC647280F9B165E00FE39F6 /* GHReposParserDelegate.m */ = {isa = PBXFileReference; fileEncoding = 4; lastKnownFileType = sourcecode.c.objc; path = GHReposParserDelegate.m; sourceTree = "<group>"; };
		6FC95F1D0F8905F500FC0968 /* UserController.h */ = {isa = PBXFileReference; fileEncoding = 4; lastKnownFileType = sourcecode.c.h; path = UserController.h; sourceTree = "<group>"; };
		6FC95F1E0F8905F500FC0968 /* UserController.m */ = {isa = PBXFileReference; fileEncoding = 4; lastKnownFileType = sourcecode.c.objc; path = UserController.m; sourceTree = "<group>"; };
		6FC95F270F8908ED00FC0968 /* UserTableHeadBackground.png */ = {isa = PBXFileReference; lastKnownFileType = image.png; name = UserTableHeadBackground.png; path = Images/UserTableHeadBackground.png; sourceTree = "<group>"; };
		6FC9610A0F8935DC00FC0968 /* LabeledCell.h */ = {isa = PBXFileReference; fileEncoding = 4; lastKnownFileType = sourcecode.c.h; path = LabeledCell.h; sourceTree = "<group>"; };
		6FC9610B0F8935DC00FC0968 /* LabeledCell.m */ = {isa = PBXFileReference; fileEncoding = 4; lastKnownFileType = sourcecode.c.objc; path = LabeledCell.m; sourceTree = "<group>"; };
		6FCAF1640F895756005E1173 /* GravatarLoader.h */ = {isa = PBXFileReference; fileEncoding = 4; lastKnownFileType = sourcecode.c.h; path = GravatarLoader.h; sourceTree = "<group>"; };
		6FCAF1650F895756005E1173 /* GravatarLoader.m */ = {isa = PBXFileReference; fileEncoding = 4; lastKnownFileType = sourcecode.c.objc; path = GravatarLoader.m; sourceTree = "<group>"; };
		6FCDC63F0FC04D330024E498 /* feed.png */ = {isa = PBXFileReference; lastKnownFileType = image.png; name = feed.png; path = Images/Icons/feed.png; sourceTree = "<group>"; };
		6FCDC66B0FC04F180024E498 /* Feed.xib */ = {isa = PBXFileReference; lastKnownFileType = file.xib; name = Feed.xib; path = IBFiles/Feed.xib; sourceTree = "<group>"; };
		6FCE4D240F7FD48700451D6E /* commit.png */ = {isa = PBXFileReference; lastKnownFileType = image.png; name = commit.png; path = Images/Icons/commit.png; sourceTree = "<group>"; };
		6FCE4D250F7FD48700451D6E /* delete.png */ = {isa = PBXFileReference; lastKnownFileType = image.png; name = delete.png; path = Images/Icons/delete.png; sourceTree = "<group>"; };
		6FCE4D260F7FD48700451D6E /* follow.png */ = {isa = PBXFileReference; lastKnownFileType = image.png; name = follow.png; path = Images/Icons/follow.png; sourceTree = "<group>"; };
		6FCE4D270F7FD48700451D6E /* gist.png */ = {isa = PBXFileReference; lastKnownFileType = image.png; name = gist.png; path = Images/Icons/gist.png; sourceTree = "<group>"; };
		6FCE4D860F7FE16A00451D6E /* MyFeedsController.h */ = {isa = PBXFileReference; fileEncoding = 4; lastKnownFileType = sourcecode.c.h; path = MyFeedsController.h; sourceTree = "<group>"; };
		6FCE4D870F7FE16A00451D6E /* MyFeedsController.m */ = {isa = PBXFileReference; fileEncoding = 4; lastKnownFileType = sourcecode.c.objc; path = MyFeedsController.m; sourceTree = "<group>"; };
		6FCE4DB60F7FE5C600451D6E /* member.png */ = {isa = PBXFileReference; lastKnownFileType = image.png; name = member.png; path = Images/Icons/member.png; sourceTree = "<group>"; };
		6FD6172B0FA774E1008C751B /* GHFeedParserDelegate.h */ = {isa = PBXFileReference; fileEncoding = 4; lastKnownFileType = sourcecode.c.h; path = GHFeedParserDelegate.h; sourceTree = "<group>"; };
		6FD6172C0FA774E1008C751B /* GHFeedParserDelegate.m */ = {isa = PBXFileReference; fileEncoding = 4; lastKnownFileType = sourcecode.c.objc; path = GHFeedParserDelegate.m; sourceTree = "<group>"; };
		6FD61A060FA7AB26008C751B /* FollowButton.png */ = {isa = PBXFileReference; lastKnownFileType = image.png; name = FollowButton.png; path = Images/Buttons/FollowButton.png; sourceTree = "<group>"; };
		6FD61A070FA7AB26008C751B /* UnfollowButton.png */ = {isa = PBXFileReference; lastKnownFileType = image.png; name = UnfollowButton.png; path = Images/Buttons/UnfollowButton.png; sourceTree = "<group>"; };
		6FD61A080FA7AB26008C751B /* UnwatchButton.png */ = {isa = PBXFileReference; lastKnownFileType = image.png; name = UnwatchButton.png; path = Images/Buttons/UnwatchButton.png; sourceTree = "<group>"; };
		6FD61A090FA7AB26008C751B /* WatchButton.png */ = {isa = PBXFileReference; lastKnownFileType = image.png; name = WatchButton.png; path = Images/Buttons/WatchButton.png; sourceTree = "<group>"; };
		6FE91E180FAD088600749370 /* Login.xib */ = {isa = PBXFileReference; lastKnownFileType = file.xib; name = Login.xib; path = IBFiles/Login.xib; sourceTree = "<group>"; };
		6FE91E460FAD115300749370 /* LoginBackground.png */ = {isa = PBXFileReference; lastKnownFileType = image.png; name = LoginBackground.png; path = Images/LoginBackground.png; sourceTree = "<group>"; };
		6FE91E4A0FAD13D500749370 /* LoginController.h */ = {isa = PBXFileReference; fileEncoding = 4; lastKnownFileType = sourcecode.c.h; path = LoginController.h; sourceTree = "<group>"; };
		6FE91E4B0FAD13D500749370 /* LoginController.m */ = {isa = PBXFileReference; fileEncoding = 4; lastKnownFileType = sourcecode.c.objc; path = LoginController.m; sourceTree = "<group>"; };
		6FED81B50FAC97A100BE5C81 /* GHResourcesParserDelegate.h */ = {isa = PBXFileReference; fileEncoding = 4; lastKnownFileType = sourcecode.c.h; path = GHResourcesParserDelegate.h; sourceTree = "<group>"; };
		6FED81B60FAC97A100BE5C81 /* GHResourcesParserDelegate.m */ = {isa = PBXFileReference; fileEncoding = 4; lastKnownFileType = sourcecode.c.objc; path = GHResourcesParserDelegate.m; sourceTree = "<group>"; };
		6FED82950FACA1E700BE5C81 /* IssuesController.h */ = {isa = PBXFileReference; fileEncoding = 4; lastKnownFileType = sourcecode.c.h; path = IssuesController.h; sourceTree = "<group>"; };
		6FED82960FACA1E700BE5C81 /* IssuesController.m */ = {isa = PBXFileReference; fileEncoding = 4; lastKnownFileType = sourcecode.c.objc; path = IssuesController.m; sourceTree = "<group>"; };
		6FED82990FACA2F000BE5C81 /* Issues.xib */ = {isa = PBXFileReference; lastKnownFileType = file.xib; name = Issues.xib; path = IBFiles/Issues.xib; sourceTree = "<group>"; };
		6FED82FF0FACB91000BE5C81 /* FeedController.h */ = {isa = PBXFileReference; fileEncoding = 4; lastKnownFileType = sourcecode.c.h; path = FeedController.h; sourceTree = "<group>"; };
		6FED83000FACB91000BE5C81 /* FeedController.m */ = {isa = PBXFileReference; fileEncoding = 4; lastKnownFileType = sourcecode.c.objc; path = FeedController.m; sourceTree = "<group>"; };
		6FF651970F8A9DA200C20E2D /* Entitlements.plist */ = {isa = PBXFileReference; fileEncoding = 4; lastKnownFileType = text.plist.xml; path = Entitlements.plist; sourceTree = "<group>"; };
		6FF6EB290FA61110000679FA /* GHUsersParserDelegate.h */ = {isa = PBXFileReference; fileEncoding = 4; lastKnownFileType = sourcecode.c.h; path = GHUsersParserDelegate.h; sourceTree = "<group>"; };
		6FF6EB2A0FA61110000679FA /* GHUsersParserDelegate.m */ = {isa = PBXFileReference; fileEncoding = 4; lastKnownFileType = sourcecode.c.objc; path = GHUsersParserDelegate.m; sourceTree = "<group>"; };
		8C53B4CE0FB0F20B00C3A8E0 /* UsersController.h */ = {isa = PBXFileReference; fileEncoding = 4; lastKnownFileType = sourcecode.c.h; path = UsersController.h; sourceTree = "<group>"; };
		8C53B4CF0FB0F20B00C3A8E0 /* UsersController.m */ = {isa = PBXFileReference; fileEncoding = 4; lastKnownFileType = sourcecode.c.objc; path = UsersController.m; sourceTree = "<group>"; };
		8C53B4D50FB0F32600C3A8E0 /* UserCell.h */ = {isa = PBXFileReference; fileEncoding = 4; lastKnownFileType = sourcecode.c.h; path = UserCell.h; sourceTree = "<group>"; };
		8C53B4D60FB0F32600C3A8E0 /* UserCell.m */ = {isa = PBXFileReference; fileEncoding = 4; lastKnownFileType = sourcecode.c.objc; path = UserCell.m; sourceTree = "<group>"; };
		8C5693820FB0B9E600730A5C /* CDataScanner.m */ = {isa = PBXFileReference; fileEncoding = 4; lastKnownFileType = sourcecode.c.objc; path = CDataScanner.m; sourceTree = "<group>"; };
		8C5693830FB0B9E600730A5C /* CDataScanner.h */ = {isa = PBXFileReference; fileEncoding = 4; lastKnownFileType = sourcecode.c.h; path = CDataScanner.h; sourceTree = "<group>"; };
		8C5693850FB0B9E600730A5C /* CJSONDeserializer.h */ = {isa = PBXFileReference; fileEncoding = 4; lastKnownFileType = sourcecode.c.h; path = CJSONDeserializer.h; sourceTree = "<group>"; };
		8C5693860FB0B9E600730A5C /* CJSONDeserializer.m */ = {isa = PBXFileReference; fileEncoding = 4; lastKnownFileType = sourcecode.c.objc; path = CJSONDeserializer.m; sourceTree = "<group>"; };
		8C5693870FB0B9E600730A5C /* CJSONScanner.h */ = {isa = PBXFileReference; fileEncoding = 4; lastKnownFileType = sourcecode.c.h; path = CJSONScanner.h; sourceTree = "<group>"; };
		8C5693880FB0B9E600730A5C /* CJSONScanner.m */ = {isa = PBXFileReference; fileEncoding = 4; lastKnownFileType = sourcecode.c.objc; path = CJSONScanner.m; sourceTree = "<group>"; };
		8C5693890FB0B9E600730A5C /* CJSONSerializer.h */ = {isa = PBXFileReference; fileEncoding = 4; lastKnownFileType = sourcecode.c.h; path = CJSONSerializer.h; sourceTree = "<group>"; };
		8C56938A0FB0B9E600730A5C /* CJSONSerializer.m */ = {isa = PBXFileReference; fileEncoding = 4; lastKnownFileType = sourcecode.c.objc; path = CJSONSerializer.m; sourceTree = "<group>"; };
		8C56938C0FB0B9E600730A5C /* CDataScanner_Extensions.h */ = {isa = PBXFileReference; fileEncoding = 4; lastKnownFileType = sourcecode.c.h; path = CDataScanner_Extensions.h; sourceTree = "<group>"; };
		8C56938D0FB0B9E600730A5C /* CDataScanner_Extensions.m */ = {isa = PBXFileReference; fileEncoding = 4; lastKnownFileType = sourcecode.c.objc; path = CDataScanner_Extensions.m; sourceTree = "<group>"; };
		8C56938E0FB0B9E600730A5C /* NSCharacterSet_Extensions.h */ = {isa = PBXFileReference; fileEncoding = 4; lastKnownFileType = sourcecode.c.h; path = NSCharacterSet_Extensions.h; sourceTree = "<group>"; };
		8C56938F0FB0B9E600730A5C /* NSCharacterSet_Extensions.m */ = {isa = PBXFileReference; fileEncoding = 4; lastKnownFileType = sourcecode.c.objc; path = NSCharacterSet_Extensions.m; sourceTree = "<group>"; };
		8C5693900FB0B9E600730A5C /* NSDictionary_JSONExtensions.h */ = {isa = PBXFileReference; fileEncoding = 4; lastKnownFileType = sourcecode.c.h; path = NSDictionary_JSONExtensions.h; sourceTree = "<group>"; };
		8C5693910FB0B9E600730A5C /* NSDictionary_JSONExtensions.m */ = {isa = PBXFileReference; fileEncoding = 4; lastKnownFileType = sourcecode.c.objc; path = NSDictionary_JSONExtensions.m; sourceTree = "<group>"; };
		8C5693920FB0B9E600730A5C /* NSScanner_Extensions.h */ = {isa = PBXFileReference; fileEncoding = 4; lastKnownFileType = sourcecode.c.h; path = NSScanner_Extensions.h; sourceTree = "<group>"; };
		8C5693930FB0B9E600730A5C /* NSScanner_Extensions.m */ = {isa = PBXFileReference; fileEncoding = 4; lastKnownFileType = sourcecode.c.objc; path = NSScanner_Extensions.m; sourceTree = "<group>"; };
		8C6A99E30FABCFC200A99483 /* GHIssuesParserDelegate.h */ = {isa = PBXFileReference; fileEncoding = 4; lastKnownFileType = sourcecode.c.h; path = GHIssuesParserDelegate.h; sourceTree = "<group>"; };
		8C6A99E40FABCFC200A99483 /* GHIssuesParserDelegate.m */ = {isa = PBXFileReference; fileEncoding = 4; lastKnownFileType = sourcecode.c.objc; path = GHIssuesParserDelegate.m; sourceTree = "<group>"; };
		8C6A99E60FABD01500A99483 /* GHIssue.h */ = {isa = PBXFileReference; fileEncoding = 4; lastKnownFileType = sourcecode.c.h; path = GHIssue.h; sourceTree = "<group>"; };
		8C6A99E70FABD01500A99483 /* GHIssue.m */ = {isa = PBXFileReference; fileEncoding = 4; lastKnownFileType = sourcecode.c.objc; path = GHIssue.m; sourceTree = "<group>"; };
		8C6A9AE40FABDB0100A99483 /* GHIssues.h */ = {isa = PBXFileReference; fileEncoding = 4; lastKnownFileType = sourcecode.c.h; path = GHIssues.h; sourceTree = "<group>"; };
		8C6A9AE50FABDB0100A99483 /* GHIssues.m */ = {isa = PBXFileReference; fileEncoding = 4; lastKnownFileType = sourcecode.c.objc; path = GHIssues.m; sourceTree = "<group>"; };
		8C6A9EA10FABF1D900A99483 /* IssueCell.h */ = {isa = PBXFileReference; fileEncoding = 4; lastKnownFileType = sourcecode.c.h; path = IssueCell.h; sourceTree = "<group>"; };
		8C6A9EA20FABF1D900A99483 /* IssueCell.m */ = {isa = PBXFileReference; fileEncoding = 4; lastKnownFileType = sourcecode.c.objc; path = IssueCell.m; sourceTree = "<group>"; };
		8C6AA15D0FAC22B000A99483 /* IssueController.h */ = {isa = PBXFileReference; fileEncoding = 4; lastKnownFileType = sourcecode.c.h; path = IssueController.h; sourceTree = "<group>"; };
		8C6AA15E0FAC22B000A99483 /* IssueController.m */ = {isa = PBXFileReference; fileEncoding = 4; lastKnownFileType = sourcecode.c.objc; path = IssueController.m; sourceTree = "<group>"; };
		8CB697FE0FB0087800B6E779 /* NSDate+Nibware.m */ = {isa = PBXFileReference; fileEncoding = 4; lastKnownFileType = sourcecode.c.objc; path = "NSDate+Nibware.m"; sourceTree = "<group>"; };
		8CB697FF0FB0087800B6E779 /* NSDate+Nibware.h */ = {isa = PBXFileReference; fileEncoding = 4; lastKnownFileType = sourcecode.c.h; path = "NSDate+Nibware.h"; sourceTree = "<group>"; };
		8CE686720FB8C56700A3D625 /* GHNetworks.m */ = {isa = PBXFileReference; fileEncoding = 4; lastKnownFileType = sourcecode.c.objc; path = GHNetworks.m; sourceTree = "<group>"; };
		8CE686730FB8C56700A3D625 /* GHNetworks.h */ = {isa = PBXFileReference; fileEncoding = 4; lastKnownFileType = sourcecode.c.h; path = GHNetworks.h; sourceTree = "<group>"; };
		8CE686740FB8C56700A3D625 /* GHNetwork.m */ = {isa = PBXFileReference; fileEncoding = 4; lastKnownFileType = sourcecode.c.objc; path = GHNetwork.m; sourceTree = "<group>"; };
		8CE686750FB8C56700A3D625 /* GHNetwork.h */ = {isa = PBXFileReference; fileEncoding = 4; lastKnownFileType = sourcecode.c.h; path = GHNetwork.h; sourceTree = "<group>"; };
		8CE686780FB8C57500A3D625 /* GHNetworksParserDelegate.m */ = {isa = PBXFileReference; fileEncoding = 4; lastKnownFileType = sourcecode.c.objc; path = GHNetworksParserDelegate.m; sourceTree = "<group>"; };
		8CE686790FB8C57500A3D625 /* GHNetworksParserDelegate.h */ = {isa = PBXFileReference; fileEncoding = 4; lastKnownFileType = sourcecode.c.h; path = GHNetworksParserDelegate.h; sourceTree = "<group>"; };
		8CE6867B0FB8C58400A3D625 /* NetworksController.m */ = {isa = PBXFileReference; fileEncoding = 4; lastKnownFileType = sourcecode.c.objc; path = NetworksController.m; sourceTree = "<group>"; };
		8CE6867C0FB8C58400A3D625 /* NetworksController.h */ = {isa = PBXFileReference; fileEncoding = 4; lastKnownFileType = sourcecode.c.h; path = NetworksController.h; sourceTree = "<group>"; };
		8CE6867E0FB8C59400A3D625 /* NetworkCell.m */ = {isa = PBXFileReference; fileEncoding = 4; lastKnownFileType = sourcecode.c.objc; path = NetworkCell.m; sourceTree = "<group>"; };
		8CE6867F0FB8C59400A3D625 /* NetworkCell.h */ = {isa = PBXFileReference; fileEncoding = 4; lastKnownFileType = sourcecode.c.h; path = NetworkCell.h; sourceTree = "<group>"; };
		8CE686E80FB8C83100A3D625 /* NetworkCell.xib */ = {isa = PBXFileReference; lastKnownFileType = file.xib; name = NetworkCell.xib; path = IBFiles/NetworkCell.xib; sourceTree = "<group>"; };
		8CE686EB0FB8C87300A3D625 /* Networks.xib */ = {isa = PBXFileReference; lastKnownFileType = file.xib; path = Networks.xib; sourceTree = "<group>"; };
		8CFBCFA40FAB8A3100A2C37A /* NSHTTPCookieAdditions.h */ = {isa = PBXFileReference; fileEncoding = 4; lastKnownFileType = sourcecode.c.h; path = NSHTTPCookieAdditions.h; sourceTree = "<group>"; };
		8CFBCFA50FAB8A3100A2C37A /* ASIFormDataRequest.m */ = {isa = PBXFileReference; fileEncoding = 4; lastKnownFileType = sourcecode.c.objc; path = ASIFormDataRequest.m; sourceTree = "<group>"; };
		8CFBCFA60FAB8A3100A2C37A /* ASINetworkQueue.m */ = {isa = PBXFileReference; fileEncoding = 4; lastKnownFileType = sourcecode.c.objc; path = ASINetworkQueue.m; sourceTree = "<group>"; };
		8CFBCFA70FAB8A3100A2C37A /* ASIHTTPRequest.h */ = {isa = PBXFileReference; fileEncoding = 4; lastKnownFileType = sourcecode.c.h; path = ASIHTTPRequest.h; sourceTree = "<group>"; };
		8CFBCFA80FAB8A3100A2C37A /* ASIHTTPRequest.m */ = {isa = PBXFileReference; fileEncoding = 4; lastKnownFileType = sourcecode.c.objc; path = ASIHTTPRequest.m; sourceTree = "<group>"; };
		8CFBCFA90FAB8A3100A2C37A /* NSHTTPCookieAdditions.m */ = {isa = PBXFileReference; fileEncoding = 4; lastKnownFileType = sourcecode.c.objc; path = NSHTTPCookieAdditions.m; sourceTree = "<group>"; };
		8CFBCFAA0FAB8A3100A2C37A /* ASIFormDataRequest.h */ = {isa = PBXFileReference; fileEncoding = 4; lastKnownFileType = sourcecode.c.h; path = ASIFormDataRequest.h; sourceTree = "<group>"; };
		8CFBCFAB0FAB8A3100A2C37A /* ASINetworkQueue.h */ = {isa = PBXFileReference; fileEncoding = 4; lastKnownFileType = sourcecode.c.h; path = ASINetworkQueue.h; sourceTree = "<group>"; };
		8CFBCFB20FAB8A6300A2C37A /* CFNetwork.framework */ = {isa = PBXFileReference; lastKnownFileType = wrapper.framework; name = CFNetwork.framework; path = System/Library/Frameworks/CFNetwork.framework; sourceTree = SDKROOT; };
		8CFBCFB60FAB8A6D00A2C37A /* libz.1.2.3.dylib */ = {isa = PBXFileReference; lastKnownFileType = "compiled.mach-o.dylib"; name = libz.1.2.3.dylib; path = usr/lib/libz.1.2.3.dylib; sourceTree = SDKROOT; };
		8D1107310486CEB800E47090 /* Info.plist */ = {isa = PBXFileReference; fileEncoding = 4; lastKnownFileType = text.plist.xml; path = Info.plist; sourceTree = "<group>"; };
/* End PBXFileReference section */

/* Begin PBXFrameworksBuildPhase section */
		1D60588F0D05DD3D006BFB54 /* Frameworks */ = {
			isa = PBXFrameworksBuildPhase;
			buildActionMask = 2147483647;
			files = (
				1D60589F0D05DD5A006BFB54 /* Foundation.framework in Frameworks */,
				1DF5F4E00D08C38300B7A737 /* UIKit.framework in Frameworks */,
				2892E4100DC94CBA00A64D0F /* CoreGraphics.framework in Frameworks */,
				8CFBCFB30FAB8A6300A2C37A /* CFNetwork.framework in Frameworks */,
				8CFBCFB70FAB8A6D00A2C37A /* libz.1.2.3.dylib in Frameworks */,
			);
			runOnlyForDeploymentPostprocessing = 0;
		};
		6F52542E0FC5440900005B0B /* Frameworks */ = {
			isa = PBXFrameworksBuildPhase;
			buildActionMask = 2147483647;
			files = (
				6F5254A70FC548D800005B0B /* CFNetwork.framework in Frameworks */,
				6F5254B60FC548F600005B0B /* libz.1.2.3.dylib in Frameworks */,
			);
			runOnlyForDeploymentPostprocessing = 0;
		};
/* End PBXFrameworksBuildPhase section */

/* Begin PBXGroup section */
		080E96DDFE201D6D7F000001 /* Classes */ = {
			isa = PBXGroup;
			children = (
				8C5693680FB0B97C00730A5C /* TouchJSON */,
				8CB697FC0FB0085C00B6E779 /* Helpers */,
				8CFBCFA30FAB8A1000A2C37A /* ASIHTTPRequest */,
				6F1DC4410F7E5A7E00FCD26D /* Domain */,
				6F1DC4A30F7E5D2200FCD26D /* Controller */,
				6F1DC52B0F7E725500FCD26D /* View */,
			);
			path = Classes;
			sourceTree = "<group>";
		};
		19C28FACFE9D520D11CA2CBB /* Products */ = {
			isa = PBXGroup;
			children = (
				1D6058910D05DD3D006BFB54 /* iOctocat.app */,
				6F5254310FC5440900005B0B /* Unit Tests.octest */,
			);
			name = Products;
			sourceTree = "<group>";
		};
		29B97314FDCFA39411CA2CEA /* CustomTemplate */ = {
			isa = PBXGroup;
			children = (
				080E96DDFE201D6D7F000001 /* Classes */,
				6F52543C0FC5444E00005B0B /* Unit Tests */,
				29B97317FDCFA39411CA2CEA /* Resources */,
				29B97315FDCFA39411CA2CEA /* Other Sources */,
				29B97323FDCFA39411CA2CEA /* Frameworks */,
				19C28FACFE9D520D11CA2CBB /* Products */,
				6F1DC39A0F7E52F000FCD26D /* Settings.bundle */,
			);
			comments = "Open Source iPhone app for the awesome GitHub.com";
			name = CustomTemplate;
			sourceTree = "<group>";
		};
		29B97315FDCFA39411CA2CEA /* Other Sources */ = {
			isa = PBXGroup;
			children = (
				28A0AAE50D9B0CCF005BE974 /* iOctocat_Prefix.pch */,
				6F1DC3FC0F7E569F00FCD26D /* AppConstants.h */,
				6F74DD8E0FA76D1A00FD90AB /* DebugLog.h */,
				6F74DD8F0FA76D1A00FD90AB /* DebugLog.m */,
				29B97316FDCFA39411CA2CEA /* main.m */,
			);
			name = "Other Sources";
			sourceTree = "<group>";
		};
		29B97317FDCFA39411CA2CEA /* Resources */ = {
			isa = PBXGroup;
			children = (
				6FB7FEA60F7E2C7500E8D702 /* IBFiles */,
				6FB7FE9F0F7E2C3800E8D702 /* Images */,
				8D1107310486CEB800E47090 /* Info.plist */,
				6FF651970F8A9DA200C20E2D /* Entitlements.plist */,
				6F5254320FC5440900005B0B /* Unit Tests-Info.plist */,
				6F74DD8A0FA76CE000FD90AB /* MIT-LICENSE */,
				6F74DD8B0FA76CE000FD90AB /* README.textile */,
				6F72FB5F0F9B5A5B0069F092 /* styles.html */,
			);
			name = Resources;
			sourceTree = "<group>";
		};
		29B97323FDCFA39411CA2CEA /* Frameworks */ = {
			isa = PBXGroup;
			children = (
				8CFBCFB20FAB8A6300A2C37A /* CFNetwork.framework */,
				8CFBCFB60FAB8A6D00A2C37A /* libz.1.2.3.dylib */,
				1DF5F4DF0D08C38300B7A737 /* UIKit.framework */,
				1D30AB110D05D00D00671497 /* Foundation.framework */,
				2892E40F0DC94CBA00A64D0F /* CoreGraphics.framework */,
			);
			name = Frameworks;
			sourceTree = "<group>";
		};
		6F1DC4410F7E5A7E00FCD26D /* Domain */ = {
			isa = PBXGroup;
			children = (
				6FF6EB2D0FA61115000679FA /* Parser */,
				6F14B6480FA5F37500F74B4C /* GHResource.h */,
				6F14B6490FA5F37500F74B4C /* GHResource.m */,
				6F1DC4440F7E5A8A00FCD26D /* GHFeed.h */,
				6F1DC4450F7E5A8A00FCD26D /* GHFeed.m */,
				6F1DC4470F7E5AA000FCD26D /* GHFeedEntry.h */,
				6F1DC4480F7E5AA000FCD26D /* GHFeedEntry.m */,
				6F879AE60FB61C7A00EBD9BD /* GHUsers.h */,
				6F879AE70FB61C7A00EBD9BD /* GHUsers.m */,
				6F35BD370F88B01900E978CD /* GHUser.h */,
				6F35BD380F88B01900E978CD /* GHUser.m */,
				6F35BD520F88B06200E978CD /* GHRepository.h */,
				6F35BD530F88B06200E978CD /* GHRepository.m */,
				6FC465150F9D1445003A8E7B /* GHCommit.h */,
				6FC465160F9D1445003A8E7B /* GHCommit.m */,
				8C6A99E60FABD01500A99483 /* GHIssue.h */,
				8C6A99E70FABD01500A99483 /* GHIssue.m */,
				8C6A9AE40FABDB0100A99483 /* GHIssues.h */,
				8C6A9AE50FABDB0100A99483 /* GHIssues.m */,
				8CE686730FB8C56700A3D625 /* GHNetworks.h */,
				8CE686720FB8C56700A3D625 /* GHNetworks.m */,
				8CE686750FB8C56700A3D625 /* GHNetwork.h */,
				8CE686740FB8C56700A3D625 /* GHNetwork.m */,
				6F358C5A0FB1EEC4004D2828 /* GHSearch.h */,
				6F358C5B0FB1EEC4004D2828 /* GHSearch.m */,
				6FCAF1640F895756005E1173 /* GravatarLoader.h */,
				6FCAF1650F895756005E1173 /* GravatarLoader.m */,
			);
			name = Domain;
			sourceTree = "<group>";
		};
		6F1DC4A30F7E5D2200FCD26D /* Controller */ = {
			isa = PBXGroup;
			children = (
				1D3623240D0F684500981E51 /* iOctocatAppDelegate.h */,
				1D3623250D0F684500981E51 /* iOctocatAppDelegate.m */,
				6FE91E4A0FAD13D500749370 /* LoginController.h */,
				6FE91E4B0FAD13D500749370 /* LoginController.m */,
				6FCE4D860F7FE16A00451D6E /* MyFeedsController.h */,
				6FCE4D870F7FE16A00451D6E /* MyFeedsController.m */,
				6F72FAE60F9B47730069F092 /* FeedEntryController.h */,
				6F72FAE70F9B47730069F092 /* FeedEntryController.m */,
				6F1DC6720F7E8E1900FCD26D /* WebController.h */,
				6F1DC6730F7E8E1900FCD26D /* WebController.m */,
				8C53B4CE0FB0F20B00C3A8E0 /* UsersController.h */,
				8C53B4CF0FB0F20B00C3A8E0 /* UsersController.m */,
				6FC95F1D0F8905F500FC0968 /* UserController.h */,
				6FC95F1E0F8905F500FC0968 /* UserController.m */,
				6F5652DF0F99C85C001B6703 /* MyRepositoriesController.h */,
				6F5652E00F99C85C001B6703 /* MyRepositoriesController.m */,
				6F5A41730F90C38300427ED7 /* RepositoryController.h */,
				6F5A41740F90C38300427ED7 /* RepositoryController.m */,
				6FED82950FACA1E700BE5C81 /* IssuesController.h */,
				6FED82960FACA1E700BE5C81 /* IssuesController.m */,
				8C6AA15D0FAC22B000A99483 /* IssueController.h */,
				8C6AA15E0FAC22B000A99483 /* IssueController.m */,
				6FED82FF0FACB91000BE5C81 /* FeedController.h */,
				6FED83000FACB91000BE5C81 /* FeedController.m */,
				8CE6867C0FB8C58400A3D625 /* NetworksController.h */,
				8CE6867B0FB8C58400A3D625 /* NetworksController.m */,
				6F2D9A870FB1887300FFABE9 /* SearchController.h */,
				6F2D9A880FB1887300FFABE9 /* SearchController.m */,
				6F2D9B4F0FB19AF800FFABE9 /* OverlayController.h */,
				6F2D9B500FB19AF800FFABE9 /* OverlayController.m */,
			);
			name = Controller;
			sourceTree = "<group>";
		};
		6F1DC52B0F7E725500FCD26D /* View */ = {
			isa = PBXGroup;
			children = (
				6F1DC52E0F7E727C00FCD26D /* FeedEntryCell.h */,
				6F72FB2E0F9B53810069F092 /* FeedEntryCell.m */,
				6FC9610A0F8935DC00FC0968 /* LabeledCell.h */,
				6FC9610B0F8935DC00FC0968 /* LabeledCell.m */,
				6F5A420C0F90CE0500427ED7 /* TextCell.h */,
				6F5A420D0F90CE0500427ED7 /* TextCell.m */,
				8C6A9EA10FABF1D900A99483 /* IssueCell.h */,
				8C6A9EA20FABF1D900A99483 /* IssueCell.m */,
				8C53B4D50FB0F32600C3A8E0 /* UserCell.h */,
				8C53B4D60FB0F32600C3A8E0 /* UserCell.m */,
				6FB93A940FB2231E002B43AD /* RepositoryCell.h */,
				6FB93A950FB2231E002B43AD /* RepositoryCell.m */,
				8CE6867F0FB8C59400A3D625 /* NetworkCell.h */,
				8CE6867E0FB8C59400A3D625 /* NetworkCell.m */,
			);
			name = View;
			sourceTree = "<group>";
		};
		6F1DC5BB0F7E7F3400FCD26D /* Icons */ = {
			isa = PBXGroup;
			children = (
				6FCDC63F0FC04D330024E498 /* feed.png */,
				6F879A1B0FB60CB500EBD9BD /* group.png */,
				6F879A1C0FB60CB500EBD9BD /* user.png */,
				6FA92B1A0FACD648001B1D1D /* issues_closed.png */,
				6FA92B1B0FACD648001B1D1D /* issues_open.png */,
				6F1BCBE00FAC586800D66E02 /* upvote.png */,
				6F5653040F99CB62001B6703 /* private.png */,
				6F5653050F99CB62001B6703 /* public.png */,
				6F5653020F99CB52001B6703 /* issues.png */,
				6FCE4DB60F7FE5C600451D6E /* member.png */,
				6FCE4D240F7FD48700451D6E /* commit.png */,
				6FCE4D250F7FD48700451D6E /* delete.png */,
				6FCE4D260F7FD48700451D6E /* follow.png */,
				6FCE4D270F7FD48700451D6E /* gist.png */,
				6F1DC6430F7E8BDA00FCD26D /* watch.png */,
				6F1DC5BE0F7E7F4600FCD26D /* comment.png */,
				6F1DC5BF0F7E7F4600FCD26D /* create.png */,
				6F1DC5C00F7E7F4600FCD26D /* fork.png */,
				6F1DC5C10F7E7F4600FCD26D /* merge.png */,
				6F1DC5C20F7E7F4600FCD26D /* push.png */,
				6F1DC5C40F7E7F4600FCD26D /* wiki.png */,
			);
			name = Icons;
			sourceTree = "<group>";
		};
		6F52543C0FC5444E00005B0B /* Unit Tests */ = {
			isa = PBXGroup;
			children = (
				6F52543F0FC544DA00005B0B /* GHResourceTestCase.m */,
			);
			name = "Unit Tests";
			sourceTree = "<group>";
		};
		6F74DD750FA76C4200FD90AB /* Backgrounds */ = {
			isa = PBXGroup;
			children = (
				6F879AB00FB6184500EBD9BD /* UserCellBackground.png */,
				6FE91E460FAD115300749370 /* LoginBackground.png */,
				6F1BCC300FAC5C2C00D66E02 /* IssueDetailsHeadBackground.png */,
				6FC95F270F8908ED00FC0968 /* UserTableHeadBackground.png */,
				6F5A427C0F90D66D00427ED7 /* RepositoryTableHeadBackground.png */,
				6F5653140F99DD75001B6703 /* FeedEntryCellBackground.png */,
				6F72FB200F9B51FE0069F092 /* FeedEntryDetailsHeadBackground.png */,
			);
			name = Backgrounds;
			sourceTree = "<group>";
		};
		6F74DD760FA76C5300FD90AB /* Tabs */ = {
			isa = PBXGroup;
			children = (
				6F5652C10F99BDF5001B6703 /* TabBarFeeds.png */,
				6F5652CF0F99C1BF001B6703 /* TabBarRepos.png */,
				6F358BFA0FB1EA6F004D2828 /* TabBarNetwork.png */,
			);
			name = Tabs;
			sourceTree = "<group>";
		};
		6FB7FE9F0F7E2C3800E8D702 /* Images */ = {
			isa = PBXGroup;
			children = (
				6F74DD760FA76C5300FD90AB /* Tabs */,
				6F1DC5BB0F7E7F3400FCD26D /* Icons */,
				6FD61A050FA7AB0A008C751B /* Buttons */,
				6F74DD750FA76C4200FD90AB /* Backgrounds */,
				6F1BCBE30FAC587600D66E02 /* Icon.png */,
				6F1BCBE50FAC588800D66E02 /* Default.png */,
				6F358BF90FB1EA6F004D2828 /* DefaultGravatar.png */,
			);
			name = Images;
			sourceTree = "<group>";
		};
		6FB7FEA60F7E2C7500E8D702 /* IBFiles */ = {
			isa = PBXGroup;
			children = (
				6FED82980FACA2AE00BE5C81 /* Cells */,
				6FB7FEA90F7E2C8700E8D702 /* MainWindow.xib */,
				6FE91E180FAD088600749370 /* Login.xib */,
				6FA92B300FACD6EA001B1D1D /* MyFeeds.xib */,
				6FCDC66B0FC04F180024E498 /* Feed.xib */,
				6FA92AFC0FACD51A001B1D1D /* FeedEntry.xib */,
				6FA92B310FACD6EA001B1D1D /* MyRepositories.xib */,
				6F879A5B0FB611FD00EBD9BD /* Users.xib */,
				6F5A40860F90B25F00427ED7 /* User.xib */,
				6F5A41780F90C42800427ED7 /* Repository.xib */,
				8CE686EB0FB8C87300A3D625 /* Networks.xib */,
				6F1DC6590F7E8D6900FCD26D /* WebView.xib */,
				6FED82990FACA2F000BE5C81 /* Issues.xib */,
				6FA92AFD0FACD51A001B1D1D /* Issue.xib */,
				6F358C060FB1EAE0004D2828 /* Search.xib */,
				6F358C050FB1EAE0004D2828 /* Overlay.xib */,
			);
			name = IBFiles;
			sourceTree = "<group>";
		};
		6FD61A050FA7AB0A008C751B /* Buttons */ = {
			isa = PBXGroup;
			children = (
				6FD61A060FA7AB26008C751B /* FollowButton.png */,
				6FD61A070FA7AB26008C751B /* UnfollowButton.png */,
				6FD61A080FA7AB26008C751B /* UnwatchButton.png */,
				6FD61A090FA7AB26008C751B /* WatchButton.png */,
			);
			name = Buttons;
			sourceTree = "<group>";
		};
		6FED82980FACA2AE00BE5C81 /* Cells */ = {
			isa = PBXGroup;
			children = (
				8CE686E80FB8C83100A3D625 /* NetworkCell.xib */,
				6F879A5A0FB611FD00EBD9BD /* UserCell.xib */,
				6F74DD880FA76CCA00FD90AB /* FeedEntryCell.xib */,
				6F5A40850F90B25F00427ED7 /* LabeledCell.xib */,
				6F74DD790FA76C8700FD90AB /* TextCell.xib */,
				6FA92B4D0FACD7ED001B1D1D /* IssueCell.xib */,
			);
			name = Cells;
			sourceTree = "<group>";
		};
		6FF6EB2D0FA61115000679FA /* Parser */ = {
			isa = PBXGroup;
			children = (
				6FED81B50FAC97A100BE5C81 /* GHResourcesParserDelegate.h */,
				6FED81B60FAC97A100BE5C81 /* GHResourcesParserDelegate.m */,
				6FD6172B0FA774E1008C751B /* GHFeedParserDelegate.h */,
				6FD6172C0FA774E1008C751B /* GHFeedParserDelegate.m */,
				6FF6EB290FA61110000679FA /* GHUsersParserDelegate.h */,
				6FF6EB2A0FA61110000679FA /* GHUsersParserDelegate.m */,
				6FC647270F9B165E00FE39F6 /* GHReposParserDelegate.h */,
				6FC647280F9B165E00FE39F6 /* GHReposParserDelegate.m */,
				6FC465100F9D141D003A8E7B /* GHCommitsParserDelegate.h */,
				6FC465110F9D141D003A8E7B /* GHCommitsParserDelegate.m */,
				8C6A99E30FABCFC200A99483 /* GHIssuesParserDelegate.h */,
				8C6A99E40FABCFC200A99483 /* GHIssuesParserDelegate.m */,
				8CE686790FB8C57500A3D625 /* GHNetworksParserDelegate.h */,
				8CE686780FB8C57500A3D625 /* GHNetworksParserDelegate.m */,
			);
			name = Parser;
			sourceTree = "<group>";
		};
		8C5693680FB0B97C00730A5C /* TouchJSON */ = {
			isa = PBXGroup;
			children = (
				8C5693820FB0B9E600730A5C /* CDataScanner.m */,
				8C5693830FB0B9E600730A5C /* CDataScanner.h */,
				8C5693840FB0B9E600730A5C /* JSON */,
				8C56938B0FB0B9E600730A5C /* Extensions */,
			);
			name = TouchJSON;
			sourceTree = "<group>";
		};
		8C5693840FB0B9E600730A5C /* JSON */ = {
			isa = PBXGroup;
			children = (
				8C5693850FB0B9E600730A5C /* CJSONDeserializer.h */,
				8C5693860FB0B9E600730A5C /* CJSONDeserializer.m */,
				8C5693870FB0B9E600730A5C /* CJSONScanner.h */,
				8C5693880FB0B9E600730A5C /* CJSONScanner.m */,
				8C5693890FB0B9E600730A5C /* CJSONSerializer.h */,
				8C56938A0FB0B9E600730A5C /* CJSONSerializer.m */,
			);
			path = JSON;
			sourceTree = "<group>";
		};
		8C56938B0FB0B9E600730A5C /* Extensions */ = {
			isa = PBXGroup;
			children = (
				8C56938C0FB0B9E600730A5C /* CDataScanner_Extensions.h */,
				8C56938D0FB0B9E600730A5C /* CDataScanner_Extensions.m */,
				8C56938E0FB0B9E600730A5C /* NSCharacterSet_Extensions.h */,
				8C56938F0FB0B9E600730A5C /* NSCharacterSet_Extensions.m */,
				8C5693900FB0B9E600730A5C /* NSDictionary_JSONExtensions.h */,
				8C5693910FB0B9E600730A5C /* NSDictionary_JSONExtensions.m */,
				8C5693920FB0B9E600730A5C /* NSScanner_Extensions.h */,
				8C5693930FB0B9E600730A5C /* NSScanner_Extensions.m */,
			);
			path = Extensions;
			sourceTree = "<group>";
		};
		8CB697FC0FB0085C00B6E779 /* Helpers */ = {
			isa = PBXGroup;
			children = (
				8CB697FE0FB0087800B6E779 /* NSDate+Nibware.m */,
				8CB697FF0FB0087800B6E779 /* NSDate+Nibware.h */,
			);
			name = Helpers;
			sourceTree = "<group>";
		};
		8CFBCFA30FAB8A1000A2C37A /* ASIHTTPRequest */ = {
			isa = PBXGroup;
			children = (
				8CFBCFA40FAB8A3100A2C37A /* NSHTTPCookieAdditions.h */,
				8CFBCFA90FAB8A3100A2C37A /* NSHTTPCookieAdditions.m */,
				8CFBCFAA0FAB8A3100A2C37A /* ASIFormDataRequest.h */,
				8CFBCFA50FAB8A3100A2C37A /* ASIFormDataRequest.m */,
				8CFBCFAB0FAB8A3100A2C37A /* ASINetworkQueue.h */,
				8CFBCFA60FAB8A3100A2C37A /* ASINetworkQueue.m */,
				8CFBCFA70FAB8A3100A2C37A /* ASIHTTPRequest.h */,
				8CFBCFA80FAB8A3100A2C37A /* ASIHTTPRequest.m */,
			);
			name = ASIHTTPRequest;
			sourceTree = "<group>";
		};
/* End PBXGroup section */

/* Begin PBXNativeTarget section */
		1D6058900D05DD3D006BFB54 /* iOctocat */ = {
			isa = PBXNativeTarget;
			buildConfigurationList = 1D6058960D05DD3E006BFB54 /* Build configuration list for PBXNativeTarget "iOctocat" */;
			buildPhases = (
				1D60588D0D05DD3D006BFB54 /* Resources */,
				1D60588E0D05DD3D006BFB54 /* Sources */,
				1D60588F0D05DD3D006BFB54 /* Frameworks */,
			);
			buildRules = (
			);
			dependencies = (
				6F5254540FC545F500005B0B /* PBXTargetDependency */,
			);
			name = iOctocat;
			productName = iOctocat;
			productReference = 1D6058910D05DD3D006BFB54 /* iOctocat.app */;
			productType = "com.apple.product-type.application";
		};
		6F5254300FC5440900005B0B /* Unit Tests */ = {
			isa = PBXNativeTarget;
			buildConfigurationList = 6F5254370FC5440A00005B0B /* Build configuration list for PBXNativeTarget "Unit Tests" */;
			buildPhases = (
				6F52542C0FC5440900005B0B /* Resources */,
				6F52542D0FC5440900005B0B /* Sources */,
				6F52542E0FC5440900005B0B /* Frameworks */,
				6F52542F0FC5440900005B0B /* ShellScript */,
			);
			buildRules = (
			);
			dependencies = (
			);
			name = "Unit Tests";
			productName = "Unit Tests";
			productReference = 6F5254310FC5440900005B0B /* Unit Tests.octest */;
			productType = "com.apple.product-type.bundle";
		};
/* End PBXNativeTarget section */

/* Begin PBXProject section */
		29B97313FDCFA39411CA2CEA /* Project object */ = {
			isa = PBXProject;
			buildConfigurationList = C01FCF4E08A954540054247B /* Build configuration list for PBXProject "iOctocat" */;
			compatibilityVersion = "Xcode 3.1";
			hasScannedForEncodings = 1;
			knownRegions = (
				English,
				Japanese,
				French,
				German,
				en,
			);
			mainGroup = 29B97314FDCFA39411CA2CEA /* CustomTemplate */;
			projectDirPath = "";
			projectRoot = "";
			targets = (
				1D6058900D05DD3D006BFB54 /* iOctocat */,
				6F5254300FC5440900005B0B /* Unit Tests */,
			);
		};
/* End PBXProject section */

/* Begin PBXResourcesBuildPhase section */
		1D60588D0D05DD3D006BFB54 /* Resources */ = {
			isa = PBXResourcesBuildPhase;
			buildActionMask = 2147483647;
			files = (
				6FB7FEAB0F7E2C8700E8D702 /* MainWindow.xib in Resources */,
				6F1DC39B0F7E52F000FCD26D /* Settings.bundle in Resources */,
				6F1DC5C50F7E7F4600FCD26D /* comment.png in Resources */,
				6F1DC5C60F7E7F4600FCD26D /* create.png in Resources */,
				6F1DC5C70F7E7F4600FCD26D /* fork.png in Resources */,
				6F1DC5C80F7E7F4600FCD26D /* merge.png in Resources */,
				6F1DC5C90F7E7F4600FCD26D /* push.png in Resources */,
				6F1DC5CB0F7E7F4600FCD26D /* wiki.png in Resources */,
				6F1DC6440F7E8BDA00FCD26D /* watch.png in Resources */,
				6F1DC65A0F7E8D6900FCD26D /* WebView.xib in Resources */,
				6FCE4D280F7FD48700451D6E /* commit.png in Resources */,
				6FCE4D290F7FD48700451D6E /* delete.png in Resources */,
				6FCE4D2A0F7FD48700451D6E /* follow.png in Resources */,
				6FCE4D2B0F7FD48700451D6E /* gist.png in Resources */,
				6FCE4DB70F7FE5C600451D6E /* member.png in Resources */,
				6FC95F280F8908ED00FC0968 /* UserTableHeadBackground.png in Resources */,
				6FF651980F8A9DA200C20E2D /* Entitlements.plist in Resources */,
				6F5A40880F90B25F00427ED7 /* LabeledCell.xib in Resources */,
				6F5A40890F90B25F00427ED7 /* User.xib in Resources */,
				6F5A41790F90C42800427ED7 /* Repository.xib in Resources */,
				6F5A427D0F90D66D00427ED7 /* RepositoryTableHeadBackground.png in Resources */,
				6F5652C20F99BDF5001B6703 /* TabBarFeeds.png in Resources */,
				6F5652D00F99C1BF001B6703 /* TabBarRepos.png in Resources */,
				6F5653030F99CB52001B6703 /* issues.png in Resources */,
				6F5653060F99CB62001B6703 /* private.png in Resources */,
				6F5653070F99CB62001B6703 /* public.png in Resources */,
				6F5653150F99DD75001B6703 /* FeedEntryCellBackground.png in Resources */,
				6F72FB210F9B51FE0069F092 /* FeedEntryDetailsHeadBackground.png in Resources */,
				6F72FB600F9B5A5B0069F092 /* styles.html in Resources */,
				6F74DD7C0FA76C8700FD90AB /* TextCell.xib in Resources */,
				6F74DD890FA76CCA00FD90AB /* FeedEntryCell.xib in Resources */,
				6FD61A0A0FA7AB26008C751B /* FollowButton.png in Resources */,
				6FD61A0B0FA7AB26008C751B /* UnfollowButton.png in Resources */,
				6FD61A0C0FA7AB26008C751B /* UnwatchButton.png in Resources */,
				6FD61A0D0FA7AB26008C751B /* WatchButton.png in Resources */,
				6F1BCBE20FAC586800D66E02 /* upvote.png in Resources */,
				6F1BCBE40FAC587600D66E02 /* Icon.png in Resources */,
				6F1BCBE60FAC588800D66E02 /* Default.png in Resources */,
				6F1BCC310FAC5C2C00D66E02 /* IssueDetailsHeadBackground.png in Resources */,
				6FED829A0FACA2F000BE5C81 /* Issues.xib in Resources */,
				6FA92AFE0FACD51A001B1D1D /* FeedEntry.xib in Resources */,
				6FA92AFF0FACD51A001B1D1D /* Issue.xib in Resources */,
				6FA92B1C0FACD648001B1D1D /* issues_closed.png in Resources */,
				6FA92B1D0FACD648001B1D1D /* issues_open.png in Resources */,
				6FA92B320FACD6EA001B1D1D /* MyFeeds.xib in Resources */,
				6FA92B330FACD6EA001B1D1D /* MyRepositories.xib in Resources */,
				6FA92B4E0FACD7ED001B1D1D /* IssueCell.xib in Resources */,
				6FE91E190FAD088600749370 /* Login.xib in Resources */,
				6FE91E470FAD115300749370 /* LoginBackground.png in Resources */,
				6F358BFB0FB1EA6F004D2828 /* DefaultGravatar.png in Resources */,
				6F358BFC0FB1EA6F004D2828 /* TabBarNetwork.png in Resources */,
				6F358C090FB1EAE0004D2828 /* Overlay.xib in Resources */,
				6F358C0A0FB1EAE0004D2828 /* Search.xib in Resources */,
				6F879A1D0FB60CB500EBD9BD /* group.png in Resources */,
				6F879A1E0FB60CB500EBD9BD /* user.png in Resources */,
				6F879A5C0FB611FD00EBD9BD /* UserCell.xib in Resources */,
				6F879A5D0FB611FD00EBD9BD /* Users.xib in Resources */,
				6F879AB10FB6184500EBD9BD /* UserCellBackground.png in Resources */,
				8CE686E90FB8C83100A3D625 /* NetworkCell.xib in Resources */,
				8CE686EC0FB8C87300A3D625 /* Networks.xib in Resources */,
				6FCDC6400FC04D330024E498 /* feed.png in Resources */,
				6FCDC66C0FC04F180024E498 /* Feed.xib in Resources */,
			);
			runOnlyForDeploymentPostprocessing = 0;
		};
		6F52542C0FC5440900005B0B /* Resources */ = {
			isa = PBXResourcesBuildPhase;
			buildActionMask = 2147483647;
			files = (
			);
			runOnlyForDeploymentPostprocessing = 0;
		};
/* End PBXResourcesBuildPhase section */

/* Begin PBXShellScriptBuildPhase section */
		6F52542F0FC5440900005B0B /* ShellScript */ = {
			isa = PBXShellScriptBuildPhase;
			buildActionMask = 2147483647;
			files = (
			);
			inputPaths = (
			);
			outputPaths = (
			);
			runOnlyForDeploymentPostprocessing = 0;
			shellPath = /bin/sh;
			shellScript = "# Run the unit tests in this test bundle.\n\"${SYSTEM_DEVELOPER_DIR}/Tools/RunUnitTests\"\n";
		};
/* End PBXShellScriptBuildPhase section */

/* Begin PBXSourcesBuildPhase section */
		1D60588E0D05DD3D006BFB54 /* Sources */ = {
			isa = PBXSourcesBuildPhase;
			buildActionMask = 2147483647;
			files = (
				1D60589B0D05DD56006BFB54 /* main.m in Sources */,
				1D3623260D0F684500981E51 /* iOctocatAppDelegate.m in Sources */,
				6F1DC4460F7E5A8A00FCD26D /* GHFeed.m in Sources */,
				6F1DC4490F7E5AA000FCD26D /* GHFeedEntry.m in Sources */,
				6F1DC6740F7E8E1900FCD26D /* WebController.m in Sources */,
				6FCE4D880F7FE16A00451D6E /* MyFeedsController.m in Sources */,
				6F35BD390F88B01900E978CD /* GHUser.m in Sources */,
				6F35BD540F88B06200E978CD /* GHRepository.m in Sources */,
				6FC95F1F0F8905F500FC0968 /* UserController.m in Sources */,
				6FC9610C0F8935DC00FC0968 /* LabeledCell.m in Sources */,
				6FCAF1660F895756005E1173 /* GravatarLoader.m in Sources */,
				6F5A41750F90C38300427ED7 /* RepositoryController.m in Sources */,
				6F5A420E0F90CE0500427ED7 /* TextCell.m in Sources */,
				6F5652E10F99C85C001B6703 /* MyRepositoriesController.m in Sources */,
				6FC647290F9B165E00FE39F6 /* GHReposParserDelegate.m in Sources */,
				6F72FAE80F9B47730069F092 /* FeedEntryController.m in Sources */,
				6F72FB2F0F9B53810069F092 /* FeedEntryCell.m in Sources */,
				6FC465120F9D141D003A8E7B /* GHCommitsParserDelegate.m in Sources */,
				6FC465170F9D1445003A8E7B /* GHCommit.m in Sources */,
				6F14B64A0FA5F37500F74B4C /* GHResource.m in Sources */,
				6FF6EB2B0FA61110000679FA /* GHUsersParserDelegate.m in Sources */,
				6F74DD900FA76D1A00FD90AB /* DebugLog.m in Sources */,
				6FD6172D0FA774E1008C751B /* GHFeedParserDelegate.m in Sources */,
				8CFBCFAC0FAB8A3100A2C37A /* ASIFormDataRequest.m in Sources */,
				8CFBCFAD0FAB8A3100A2C37A /* ASINetworkQueue.m in Sources */,
				8CFBCFAE0FAB8A3100A2C37A /* ASIHTTPRequest.m in Sources */,
				8CFBCFAF0FAB8A3100A2C37A /* NSHTTPCookieAdditions.m in Sources */,
				8C6A99E50FABCFC200A99483 /* GHIssuesParserDelegate.m in Sources */,
				8C6A99E80FABD01500A99483 /* GHIssue.m in Sources */,
				8C6A9AE60FABDB0100A99483 /* GHIssues.m in Sources */,
				8C6A9EA30FABF1D900A99483 /* IssueCell.m in Sources */,
				8C6AA15F0FAC22B000A99483 /* IssueController.m in Sources */,
				6FED81B70FAC97A100BE5C81 /* GHResourcesParserDelegate.m in Sources */,
				6FED82970FACA1E700BE5C81 /* IssuesController.m in Sources */,
				6FED83010FACB91000BE5C81 /* FeedController.m in Sources */,
				6FE91E4C0FAD13D500749370 /* LoginController.m in Sources */,
				8CB698000FB0087800B6E779 /* NSDate+Nibware.m in Sources */,
				8C5693940FB0B9E600730A5C /* CDataScanner.m in Sources */,
				8C5693950FB0B9E600730A5C /* CJSONDeserializer.m in Sources */,
				8C5693960FB0B9E600730A5C /* CJSONScanner.m in Sources */,
				8C5693970FB0B9E600730A5C /* CJSONSerializer.m in Sources */,
				8C5693980FB0B9E600730A5C /* CDataScanner_Extensions.m in Sources */,
				8C5693990FB0B9E600730A5C /* NSCharacterSet_Extensions.m in Sources */,
				8C56939A0FB0B9E600730A5C /* NSDictionary_JSONExtensions.m in Sources */,
				8C56939B0FB0B9E600730A5C /* NSScanner_Extensions.m in Sources */,
				8C53B4D00FB0F20B00C3A8E0 /* UsersController.m in Sources */,
				8C53B4D70FB0F32600C3A8E0 /* UserCell.m in Sources */,
				6F2D9A890FB1887300FFABE9 /* SearchController.m in Sources */,
				6F2D9B510FB19AF800FFABE9 /* OverlayController.m in Sources */,
				6F358C5C0FB1EEC4004D2828 /* GHSearch.m in Sources */,
				6FB93A960FB2231E002B43AD /* RepositoryCell.m in Sources */,
				6F879AE80FB61C7A00EBD9BD /* GHUsers.m in Sources */,
				8CE686760FB8C56700A3D625 /* GHNetworks.m in Sources */,
				8CE686770FB8C56700A3D625 /* GHNetwork.m in Sources */,
				8CE6867A0FB8C57500A3D625 /* GHNetworksParserDelegate.m in Sources */,
				8CE6867D0FB8C58400A3D625 /* NetworksController.m in Sources */,
				8CE686800FB8C59400A3D625 /* NetworkCell.m in Sources */,
			);
			runOnlyForDeploymentPostprocessing = 0;
		};
		6F52542D0FC5440900005B0B /* Sources */ = {
			isa = PBXSourcesBuildPhase;
			buildActionMask = 2147483647;
			files = (
				6F5254400FC544DA00005B0B /* GHResourceTestCase.m in Sources */,
				6F5254560FC5462700005B0B /* GHResource.m in Sources */,
				6F52545D0FC546EA00005B0B /* ASIFormDataRequest.m in Sources */,
				6F52545F0FC546F400005B0B /* ASIHTTPRequest.m in Sources */,
				6F5254610FC5470E00005B0B /* ASINetworkQueue.m in Sources */,
				6F5254620FC5470E00005B0B /* NSHTTPCookieAdditions.m in Sources */,
				6F52546B0FC5481F00005B0B /* GravatarLoader.m in Sources */,
				6F52546C0FC5481F00005B0B /* GHUsersParserDelegate.m in Sources */,
				6F52546D0FC5482000005B0B /* GHUsers.m in Sources */,
				6F52546E0FC5482000005B0B /* GHUser.m in Sources */,
				6F52546F0FC5482100005B0B /* GHSearch.m in Sources */,
				6F5254700FC5482100005B0B /* GHResourcesParserDelegate.m in Sources */,
				6F5254710FC5482300005B0B /* GHReposParserDelegate.m in Sources */,
				6F5254720FC5482300005B0B /* GHRepository.m in Sources */,
				6F5254730FC5482400005B0B /* GHNetworksParserDelegate.m in Sources */,
				6F5254740FC5482500005B0B /* GHNetworks.m in Sources */,
				6F5254750FC5482600005B0B /* GHNetwork.m in Sources */,
				6F5254760FC5482700005B0B /* GHIssuesParserDelegate.m in Sources */,
				6F5254770FC5482800005B0B /* GHIssues.m in Sources */,
				6F5254780FC5482800005B0B /* GHIssue.m in Sources */,
				6F5254790FC5482900005B0B /* GHFeedParserDelegate.m in Sources */,
				6F52547A0FC5482B00005B0B /* GHFeedEntry.m in Sources */,
				6F52547B0FC5482B00005B0B /* GHFeed.m in Sources */,
				6F52547C0FC5482C00005B0B /* GHCommitsParserDelegate.m in Sources */,
				6F52547D0FC5482C00005B0B /* GHCommit.m in Sources */,
				6F5254BB0FC5490B00005B0B /* DebugLog.m in Sources */,
				6F5254BD0FC5491900005B0B /* CJSONDeserializer.m in Sources */,
				6F5254BF0FC5492100005B0B /* CJSONScanner.m in Sources */,
				6F5254C10FC5492500005B0B /* CJSONSerializer.m in Sources */,
				6F5254C20FC5492D00005B0B /* CDataScanner_Extensions.m in Sources */,
				6F5254C30FC5492D00005B0B /* CDataScanner.m in Sources */,
			);
			runOnlyForDeploymentPostprocessing = 0;
		};
/* End PBXSourcesBuildPhase section */

/* Begin PBXTargetDependency section */
		6F5254540FC545F500005B0B /* PBXTargetDependency */ = {
			isa = PBXTargetDependency;
			target = 6F5254300FC5440900005B0B /* Unit Tests */;
			targetProxy = 6F5254530FC545F500005B0B /* PBXContainerItemProxy */;
		};
/* End PBXTargetDependency section */

/* Begin XCBuildConfiguration section */
		1D6058940D05DD3E006BFB54 /* Debug */ = {
			isa = XCBuildConfiguration;
			buildSettings = {
				ALWAYS_SEARCH_USER_PATHS = NO;
				COPY_PHASE_STRIP = NO;
				GCC_DYNAMIC_NO_PIC = NO;
				GCC_OPTIMIZATION_LEVEL = 0;
				GCC_PRECOMPILE_PREFIX_HEADER = YES;
				GCC_PREFIX_HEADER = iOctocat_Prefix.pch;
				INFOPLIST_FILE = Info.plist;
				PRODUCT_NAME = iOctocat;
			};
			name = Debug;
		};
		1D6058950D05DD3E006BFB54 /* Release */ = {
			isa = XCBuildConfiguration;
			buildSettings = {
				ALWAYS_SEARCH_USER_PATHS = NO;
				COPY_PHASE_STRIP = YES;
				GCC_PRECOMPILE_PREFIX_HEADER = YES;
				GCC_PREFIX_HEADER = iOctocat_Prefix.pch;
				INFOPLIST_FILE = Info.plist;
				PRODUCT_NAME = iOctocat;
			};
			name = Release;
		};
		6F5254330FC5440900005B0B /* Debug */ = {
			isa = XCBuildConfiguration;
			buildSettings = {
				ALWAYS_SEARCH_USER_PATHS = NO;
				COPY_PHASE_STRIP = NO;
				FRAMEWORK_SEARCH_PATHS = "$(DEVELOPER_LIBRARY_DIR)/Frameworks";
				GCC_DYNAMIC_NO_PIC = NO;
				GCC_ENABLE_FIX_AND_CONTINUE = NO;
				GCC_ENABLE_OBJC_EXCEPTIONS = YES;
				GCC_MODEL_TUNING = G5;
				GCC_OPTIMIZATION_LEVEL = 0;
				GCC_PRECOMPILE_PREFIX_HEADER = YES;
				GCC_PREFIX_HEADER = iOctocat_Prefix.pch;
				INFOPLIST_FILE = "Unit Tests-Info.plist";
				INSTALL_PATH = "$(USER_LIBRARY_DIR)/Bundles";
				OTHER_LDFLAGS = (
					"-framework",
					Foundation,
					"-framework",
					UIKit,
					"-framework",
					SenTestingKit,
				);
				PREBINDING = NO;
				PRODUCT_NAME = "Unit Tests";
				WRAPPER_EXTENSION = octest;
			};
			name = Debug;
		};
		6F5254340FC5440900005B0B /* Release */ = {
			isa = XCBuildConfiguration;
			buildSettings = {
				ALWAYS_SEARCH_USER_PATHS = NO;
				COPY_PHASE_STRIP = YES;
				DEBUG_INFORMATION_FORMAT = "dwarf-with-dsym";
				FRAMEWORK_SEARCH_PATHS = "$(DEVELOPER_LIBRARY_DIR)/Frameworks";
				GCC_ENABLE_FIX_AND_CONTINUE = NO;
				GCC_ENABLE_OBJC_EXCEPTIONS = YES;
				GCC_MODEL_TUNING = G5;
				GCC_PRECOMPILE_PREFIX_HEADER = YES;
				GCC_PREFIX_HEADER = iOctocat_Prefix.pch;
				INFOPLIST_FILE = "Unit Tests-Info.plist";
				INSTALL_PATH = "$(USER_LIBRARY_DIR)/Bundles";
				OTHER_LDFLAGS = (
					"-framework",
					Foundation,
					"-framework",
					UIKit,
					"-framework",
					SenTestingKit,
				);
				PREBINDING = NO;
				PRODUCT_NAME = "Unit Tests";
				WRAPPER_EXTENSION = octest;
				ZERO_LINK = NO;
			};
			name = Release;
		};
		6F5254350FC5440900005B0B /* Ad Hoc Distribution */ = {
			isa = XCBuildConfiguration;
			buildSettings = {
				ALWAYS_SEARCH_USER_PATHS = NO;
				FRAMEWORK_SEARCH_PATHS = "$(DEVELOPER_LIBRARY_DIR)/Frameworks";
				GCC_ENABLE_FIX_AND_CONTINUE = NO;
				GCC_ENABLE_OBJC_EXCEPTIONS = YES;
				GCC_MODEL_TUNING = G5;
				GCC_PRECOMPILE_PREFIX_HEADER = YES;
				GCC_PREFIX_HEADER = iOctocat_Prefix.pch;
				INFOPLIST_FILE = "Unit Tests-Info.plist";
				INSTALL_PATH = "$(USER_LIBRARY_DIR)/Bundles";
				OTHER_LDFLAGS = (
					"-framework",
					Foundation,
					"-framework",
					UIKit,
					"-framework",
					SenTestingKit,
				);
				PREBINDING = NO;
				PRODUCT_NAME = "Unit Tests";
				WRAPPER_EXTENSION = octest;
			};
			name = "Ad Hoc Distribution";
		};
		6F5254360FC5440900005B0B /* App Store Distribution */ = {
			isa = XCBuildConfiguration;
			buildSettings = {
				ALWAYS_SEARCH_USER_PATHS = NO;
				FRAMEWORK_SEARCH_PATHS = "$(DEVELOPER_LIBRARY_DIR)/Frameworks";
				GCC_ENABLE_FIX_AND_CONTINUE = NO;
				GCC_ENABLE_OBJC_EXCEPTIONS = YES;
				GCC_MODEL_TUNING = G5;
				GCC_PRECOMPILE_PREFIX_HEADER = YES;
				GCC_PREFIX_HEADER = iOctocat_Prefix.pch;
				INFOPLIST_FILE = "Unit Tests-Info.plist";
				INSTALL_PATH = "$(USER_LIBRARY_DIR)/Bundles";
				OTHER_LDFLAGS = (
					"-framework",
					Foundation,
					"-framework",
					UIKit,
					"-framework",
					SenTestingKit,
				);
				PREBINDING = NO;
				PRODUCT_NAME = "Unit Tests";
				WRAPPER_EXTENSION = octest;
			};
			name = "App Store Distribution";
		};
		6F77CD830F7E9DF2009A0213 /* App Store Distribution */ = {
			isa = XCBuildConfiguration;
			buildSettings = {
				ARCHS = "$(ARCHS_STANDARD_32_BIT)";
				"CODE_SIGN_IDENTITY[sdk=iphoneos*]" = "iPhone Distribution: Dennis Blöte";
				GCC_C_LANGUAGE_STANDARD = c99;
				GCC_WARN_ABOUT_RETURN_TYPE = YES;
				GCC_WARN_UNUSED_VARIABLE = YES;
				IPHONEOS_DEPLOYMENT_TARGET = 2.0;
				PREBINDING = NO;
				PRODUCT_NAME = iOctocat;
				"PROVISIONING_PROFILE[sdk=iphoneos*]" = "4AA335E7-26F6-40AF-9191-E62111D82138";
				SDKROOT = iphoneos2.0;
			};
			name = "App Store Distribution";
		};
		6F77CD840F7E9DF2009A0213 /* App Store Distribution */ = {
			isa = XCBuildConfiguration;
			buildSettings = {
				ALWAYS_SEARCH_USER_PATHS = NO;
				COPY_PHASE_STRIP = YES;
				GCC_PRECOMPILE_PREFIX_HEADER = YES;
				GCC_PREFIX_HEADER = iOctocat_Prefix.pch;
				INFOPLIST_FILE = Info.plist;
				PRODUCT_NAME = iOctocat;
			};
			name = "App Store Distribution";
		};
		6FC806440FA868D1008D2DA6 /* Ad Hoc Distribution */ = {
			isa = XCBuildConfiguration;
			buildSettings = {
				ARCHS = "$(ARCHS_STANDARD_32_BIT)";
				CODE_SIGN_ENTITLEMENTS = Entitlements.plist;
				"CODE_SIGN_IDENTITY[sdk=iphoneos*]" = "iPhone Distribution: Dennis Blöte";
				GCC_C_LANGUAGE_STANDARD = c99;
				GCC_WARN_ABOUT_RETURN_TYPE = YES;
				GCC_WARN_UNUSED_VARIABLE = YES;
				PREBINDING = NO;
				PRODUCT_NAME = iOctocat;
				"PROVISIONING_PROFILE[sdk=iphoneos*]" = "550CBABD-01A0-4D16-83D6-580118527F9D";
				SDKROOT = iphoneos2.0;
			};
			name = "Ad Hoc Distribution";
		};
		6FC806450FA868D1008D2DA6 /* Ad Hoc Distribution */ = {
			isa = XCBuildConfiguration;
			buildSettings = {
				ALWAYS_SEARCH_USER_PATHS = NO;
				COPY_PHASE_STRIP = YES;
				GCC_PRECOMPILE_PREFIX_HEADER = YES;
				GCC_PREFIX_HEADER = iOctocat_Prefix.pch;
				INFOPLIST_FILE = Info.plist;
				PRODUCT_NAME = iOctocat;
			};
			name = "Ad Hoc Distribution";
		};
		C01FCF4F08A954540054247B /* Debug */ = {
			isa = XCBuildConfiguration;
			buildSettings = {
				ARCHS = "$(ARCHS_STANDARD_32_BIT)";
				CODE_SIGN_ENTITLEMENTS = "";
				"CODE_SIGN_IDENTITY[sdk=iphoneos*]" = "iPhone Developer";
				GCC_C_LANGUAGE_STANDARD = c99;
				GCC_WARN_ABOUT_RETURN_TYPE = YES;
				GCC_WARN_UNUSED_VARIABLE = YES;
				ONLY_ACTIVE_ARCH = YES;
				OTHER_CFLAGS = "-DDEBUG=1";
				PREBINDING = NO;
				PRODUCT_NAME = iOctocat;
				"PROVISIONING_PROFILE[sdk=iphoneos*]" = "F2679292-3A4F-4AD2-B48A-756A0F398547";
				SDKROOT = iphoneos2.0;
			};
			name = Debug;
		};
		C01FCF5008A954540054247B /* Release */ = {
			isa = XCBuildConfiguration;
			buildSettings = {
				ARCHS = "$(ARCHS_STANDARD_32_BIT)";
				"CODE_SIGN_IDENTITY[sdk=iphoneos*]" = "iPhone Developer";
				GCC_C_LANGUAGE_STANDARD = c99;
				GCC_WARN_ABOUT_RETURN_TYPE = YES;
				GCC_WARN_UNUSED_VARIABLE = YES;
				PREBINDING = NO;
				PRODUCT_NAME = iOctocat;
				SDKROOT = iphoneos2.0;
			};
			name = Release;
		};
/* End XCBuildConfiguration section */

/* Begin XCConfigurationList section */
		1D6058960D05DD3E006BFB54 /* Build configuration list for PBXNativeTarget "iOctocat" */ = {
			isa = XCConfigurationList;
			buildConfigurations = (
				1D6058940D05DD3E006BFB54 /* Debug */,
				1D6058950D05DD3E006BFB54 /* Release */,
				6FC806450FA868D1008D2DA6 /* Ad Hoc Distribution */,
				6F77CD840F7E9DF2009A0213 /* App Store Distribution */,
			);
			defaultConfigurationIsVisible = 0;
			defaultConfigurationName = Release;
		};
		6F5254370FC5440A00005B0B /* Build configuration list for PBXNativeTarget "Unit Tests" */ = {
			isa = XCConfigurationList;
			buildConfigurations = (
				6F5254330FC5440900005B0B /* Debug */,
				6F5254340FC5440900005B0B /* Release */,
				6F5254350FC5440900005B0B /* Ad Hoc Distribution */,
				6F5254360FC5440900005B0B /* App Store Distribution */,
			);
			defaultConfigurationIsVisible = 0;
			defaultConfigurationName = Release;
		};
		C01FCF4E08A954540054247B /* Build configuration list for PBXProject "iOctocat" */ = {
			isa = XCConfigurationList;
			buildConfigurations = (
				C01FCF4F08A954540054247B /* Debug */,
				C01FCF5008A954540054247B /* Release */,
				6FC806440FA868D1008D2DA6 /* Ad Hoc Distribution */,
				6F77CD830F7E9DF2009A0213 /* App Store Distribution */,
			);
			defaultConfigurationIsVisible = 0;
			defaultConfigurationName = Release;
		};
/* End XCConfigurationList section */
	};
	rootObject = 29B97313FDCFA39411CA2CEA /* Project object */;
}
